// !$*UTF8*$!
{
	archiveVersion = 1;
	classes = {
	};
	objectVersion = 46;
	objects = {

/* Begin PBXBuildFile section */
		87262FBC1CA081C200D83A76 /* AylienSummarizerClient.swift in Sources */ = {isa = PBXBuildFile; fileRef = 8703C3F21C9CC4F100740257 /* AylienSummarizerClient.swift */; };
		87262FBD1CA081C700D83A76 /* DiffbotArticleClient.swift in Sources */ = {isa = PBXBuildFile; fileRef = 87B8402D1C9F62150070E6EC /* DiffbotArticleClient.swift */; };
		87262FC21CA083A700D83A76 /* DiffbotArticleClient.swift in Sources */ = {isa = PBXBuildFile; fileRef = 87262FBF1CA083A700D83A76 /* DiffbotArticleClient.swift */; };
		87262FC31CA083A700D83A76 /* AylienSummarizerClient.swift in Sources */ = {isa = PBXBuildFile; fileRef = 87262FC11CA083A700D83A76 /* AylienSummarizerClient.swift */; };
		87262FC61CA083BE00D83A76 /* MainExtension.storyboard in Resources */ = {isa = PBXBuildFile; fileRef = 87262FC41CA083BE00D83A76 /* MainExtension.storyboard */; };
		87262FC91CA0849000D83A76 /* LoadingController.swift in Sources */ = {isa = PBXBuildFile; fileRef = 87262FC71CA0849000D83A76 /* LoadingController.swift */; };
		87262FCA1CA0849000D83A76 /* SummaryController.swift in Sources */ = {isa = PBXBuildFile; fileRef = 87262FC81CA0849000D83A76 /* SummaryController.swift */; };
		87262FCC1CA0874200D83A76 /* AdditionalInfoController.swift in Sources */ = {isa = PBXBuildFile; fileRef = 87262FCB1CA0874200D83A76 /* AdditionalInfoController.swift */; };
		87262FE01CA0A2A600D83A76 /* AdditionalInfoController.swift in Sources */ = {isa = PBXBuildFile; fileRef = 87262FDF1CA0A2A600D83A76 /* AdditionalInfoController.swift */; };
		87262FE21CA0A8E800D83A76 /* StoredArticlesTableControllerTableViewController.swift in Sources */ = {isa = PBXBuildFile; fileRef = 87262FE11CA0A8E800D83A76 /* StoredArticlesTableControllerTableViewController.swift */; };
		87262FE41CA0A9D300D83A76 /* StoredArticlesTableViewCell.swift in Sources */ = {isa = PBXBuildFile; fileRef = 87262FE31CA0A9D300D83A76 /* StoredArticlesTableViewCell.swift */; };
		874A67641C9B4B0F00A150F3 /* libz.tbd in Frameworks */ = {isa = PBXBuildFile; fileRef = 874A67631C9B4B0E00A150F3 /* libz.tbd */; };
		87A4AE241C9354CB000D5E4A /* AppDelegate.swift in Sources */ = {isa = PBXBuildFile; fileRef = 87A4AE231C9354CB000D5E4A /* AppDelegate.swift */; };
		87A4AE261C9354CB000D5E4A /* SummaryController.swift in Sources */ = {isa = PBXBuildFile; fileRef = 87A4AE251C9354CB000D5E4A /* SummaryController.swift */; };
		87A4AE291C9354CB000D5E4A /* Main.storyboard in Resources */ = {isa = PBXBuildFile; fileRef = 87A4AE271C9354CB000D5E4A /* Main.storyboard */; };
		87A4AE2B1C9354CB000D5E4A /* Assets.xcassets in Resources */ = {isa = PBXBuildFile; fileRef = 87A4AE2A1C9354CB000D5E4A /* Assets.xcassets */; };
		87A4AE2E1C9354CB000D5E4A /* LaunchScreen.storyboard in Resources */ = {isa = PBXBuildFile; fileRef = 87A4AE2C1C9354CB000D5E4A /* LaunchScreen.storyboard */; };
		87A4AE391C9354CB000D5E4A /* Article_SummarizerTests.swift in Sources */ = {isa = PBXBuildFile; fileRef = 87A4AE381C9354CB000D5E4A /* Article_SummarizerTests.swift */; };
		87B840351C9F66CD0070E6EC /* libz.tbd in Frameworks */ = {isa = PBXBuildFile; fileRef = 874A67631C9B4B0E00A150F3 /* libz.tbd */; };
		87D26D321C9F431D000DE9E9 /* SummarizerExtension.appex in Embed App Extensions */ = {isa = PBXBuildFile; fileRef = 87D26D281C9F431A000DE9E9 /* SummarizerExtension.appex */; settings = {ATTRIBUTES = (RemoveHeadersOnCopy, ); }; };
		87D26D381C9F450A000DE9E9 /* GetURL.js in Resources */ = {isa = PBXBuildFile; fileRef = 87D26D371C9F450A000DE9E9 /* GetURL.js */; };
/* End PBXBuildFile section */

/* Begin PBXContainerItemProxy section */
		87A4AE351C9354CB000D5E4A /* PBXContainerItemProxy */ = {
			isa = PBXContainerItemProxy;
			containerPortal = 87A4AE181C9354CB000D5E4A /* Project object */;
			proxyType = 1;
			remoteGlobalIDString = 87A4AE1F1C9354CB000D5E4A;
			remoteInfo = "Article Summarizer";
		};
		87D26D301C9F431D000DE9E9 /* PBXContainerItemProxy */ = {
			isa = PBXContainerItemProxy;
			containerPortal = 87A4AE181C9354CB000D5E4A /* Project object */;
			proxyType = 1;
			remoteGlobalIDString = 87D26D271C9F431A000DE9E9;
			remoteInfo = SummarizerExtension;
		};
/* End PBXContainerItemProxy section */

/* Begin PBXCopyFilesBuildPhase section */
		87B840551C9F687C0070E6EC /* Embed Frameworks */ = {
			isa = PBXCopyFilesBuildPhase;
			buildActionMask = 2147483647;
			dstPath = "";
			dstSubfolderSpec = 10;
			files = (
			);
			name = "Embed Frameworks";
			runOnlyForDeploymentPostprocessing = 0;
		};
		87D26D1E1C9F3E96000DE9E9 /* Embed App Extensions */ = {
			isa = PBXCopyFilesBuildPhase;
			buildActionMask = 2147483647;
			dstPath = "";
			dstSubfolderSpec = 13;
			files = (
				87D26D321C9F431D000DE9E9 /* SummarizerExtension.appex in Embed App Extensions */,
			);
			name = "Embed App Extensions";
			runOnlyForDeploymentPostprocessing = 0;
		};
/* End PBXCopyFilesBuildPhase section */

/* Begin PBXFileReference section */
		8703C3F21C9CC4F100740257 /* AylienSummarizerClient.swift */ = {isa = PBXFileReference; fileEncoding = 4; lastKnownFileType = sourcecode.swift; path = AylienSummarizerClient.swift; sourceTree = "<group>"; };
		87262FBF1CA083A700D83A76 /* DiffbotArticleClient.swift */ = {isa = PBXFileReference; fileEncoding = 4; lastKnownFileType = sourcecode.swift; path = DiffbotArticleClient.swift; sourceTree = "<group>"; };
		87262FC11CA083A700D83A76 /* AylienSummarizerClient.swift */ = {isa = PBXFileReference; fileEncoding = 4; lastKnownFileType = sourcecode.swift; path = AylienSummarizerClient.swift; sourceTree = "<group>"; };
		87262FC51CA083BE00D83A76 /* Base */ = {isa = PBXFileReference; lastKnownFileType = file.storyboard; name = Base; path = Base.lproj/MainExtension.storyboard; sourceTree = "<group>"; };
		87262FC71CA0849000D83A76 /* LoadingController.swift */ = {isa = PBXFileReference; fileEncoding = 4; lastKnownFileType = sourcecode.swift; path = LoadingController.swift; sourceTree = "<group>"; };
		87262FC81CA0849000D83A76 /* SummaryController.swift */ = {isa = PBXFileReference; fileEncoding = 4; lastKnownFileType = sourcecode.swift; path = SummaryController.swift; sourceTree = "<group>"; };
		87262FCB1CA0874200D83A76 /* AdditionalInfoController.swift */ = {isa = PBXFileReference; fileEncoding = 4; lastKnownFileType = sourcecode.swift; path = AdditionalInfoController.swift; sourceTree = "<group>"; };
		87262FDF1CA0A2A600D83A76 /* AdditionalInfoController.swift */ = {isa = PBXFileReference; fileEncoding = 4; lastKnownFileType = sourcecode.swift; path = AdditionalInfoController.swift; sourceTree = "<group>"; };
		87262FE11CA0A8E800D83A76 /* StoredArticlesTableControllerTableViewController.swift */ = {isa = PBXFileReference; fileEncoding = 4; lastKnownFileType = sourcecode.swift; path = StoredArticlesTableControllerTableViewController.swift; sourceTree = "<group>"; };
		87262FE31CA0A9D300D83A76 /* StoredArticlesTableViewCell.swift */ = {isa = PBXFileReference; fileEncoding = 4; lastKnownFileType = sourcecode.swift; path = StoredArticlesTableViewCell.swift; sourceTree = "<group>"; };
		874A67601C9B48F100A150F3 /* Xcode.app */ = {isa = PBXFileReference; lastKnownFileType = wrapper.application; name = Xcode.app; path = ../../../../../Applications/Xcode.app; sourceTree = "<group>"; };
		874A67631C9B4B0E00A150F3 /* libz.tbd */ = {isa = PBXFileReference; lastKnownFileType = "sourcecode.text-based-dylib-definition"; name = libz.tbd; path = usr/lib/libz.tbd; sourceTree = SDKROOT; };
		87A4AE201C9354CB000D5E4A /* Article Summarizer.app */ = {isa = PBXFileReference; explicitFileType = wrapper.application; includeInIndex = 0; path = "Article Summarizer.app"; sourceTree = BUILT_PRODUCTS_DIR; };
		87A4AE231C9354CB000D5E4A /* AppDelegate.swift */ = {isa = PBXFileReference; lastKnownFileType = sourcecode.swift; path = AppDelegate.swift; sourceTree = "<group>"; };
		87A4AE251C9354CB000D5E4A /* SummaryController.swift */ = {isa = PBXFileReference; lastKnownFileType = sourcecode.swift; path = SummaryController.swift; sourceTree = "<group>"; };
		87A4AE281C9354CB000D5E4A /* Base */ = {isa = PBXFileReference; lastKnownFileType = file.storyboard; name = Base; path = Base.lproj/Main.storyboard; sourceTree = "<group>"; };
		87A4AE2A1C9354CB000D5E4A /* Assets.xcassets */ = {isa = PBXFileReference; lastKnownFileType = folder.assetcatalog; path = Assets.xcassets; sourceTree = "<group>"; };
		87A4AE2D1C9354CB000D5E4A /* Base */ = {isa = PBXFileReference; lastKnownFileType = file.storyboard; name = Base; path = Base.lproj/LaunchScreen.storyboard; sourceTree = "<group>"; };
		87A4AE2F1C9354CB000D5E4A /* Info.plist */ = {isa = PBXFileReference; lastKnownFileType = text.plist.xml; path = Info.plist; sourceTree = "<group>"; };
		87A4AE341C9354CB000D5E4A /* Article SummarizerTests.xctest */ = {isa = PBXFileReference; explicitFileType = wrapper.cfbundle; includeInIndex = 0; path = "Article SummarizerTests.xctest"; sourceTree = BUILT_PRODUCTS_DIR; };
		87A4AE381C9354CB000D5E4A /* Article_SummarizerTests.swift */ = {isa = PBXFileReference; lastKnownFileType = sourcecode.swift; path = Article_SummarizerTests.swift; sourceTree = "<group>"; };
		87A4AE3A1C9354CB000D5E4A /* Info.plist */ = {isa = PBXFileReference; lastKnownFileType = text.plist.xml; path = Info.plist; sourceTree = "<group>"; };
		87AC02841C93577000B26AAE /* Article Summarizer-Bridging-Header.h */ = {isa = PBXFileReference; lastKnownFileType = sourcecode.c.h; path = "Article Summarizer-Bridging-Header.h"; sourceTree = "<group>"; };
		87B8402D1C9F62150070E6EC /* DiffbotArticleClient.swift */ = {isa = PBXFileReference; fileEncoding = 4; lastKnownFileType = sourcecode.swift; path = DiffbotArticleClient.swift; sourceTree = "<group>"; };
		87B8405E1C9F6A400070E6EC /* SummarizerExtension-Bridging-Header.h */ = {isa = PBXFileReference; lastKnownFileType = sourcecode.c.h; path = "SummarizerExtension-Bridging-Header.h"; sourceTree = "<group>"; };
		87D26D231C9F40D9000DE9E9 /* Article Summarizer.entitlements */ = {isa = PBXFileReference; lastKnownFileType = text.xml; path = "Article Summarizer.entitlements"; sourceTree = "<group>"; };
		87D26D281C9F431A000DE9E9 /* SummarizerExtension.appex */ = {isa = PBXFileReference; explicitFileType = "wrapper.app-extension"; includeInIndex = 0; path = SummarizerExtension.appex; sourceTree = BUILT_PRODUCTS_DIR; };
		87D26D2F1C9F431D000DE9E9 /* Info.plist */ = {isa = PBXFileReference; lastKnownFileType = text.plist.xml; path = Info.plist; sourceTree = "<group>"; };
		87D26D361C9F4330000DE9E9 /* SummarizerExtension.entitlements */ = {isa = PBXFileReference; lastKnownFileType = text.xml; path = SummarizerExtension.entitlements; sourceTree = "<group>"; };
		87D26D371C9F450A000DE9E9 /* GetURL.js */ = {isa = PBXFileReference; fileEncoding = 4; lastKnownFileType = sourcecode.javascript; path = GetURL.js; sourceTree = "<group>"; };
/* End PBXFileReference section */

/* Begin PBXFrameworksBuildPhase section */
		87A4AE1D1C9354CB000D5E4A /* Frameworks */ = {
			isa = PBXFrameworksBuildPhase;
			buildActionMask = 2147483647;
			files = (
				874A67641C9B4B0F00A150F3 /* libz.tbd in Frameworks */,
			);
			runOnlyForDeploymentPostprocessing = 0;
		};
		87A4AE311C9354CB000D5E4A /* Frameworks */ = {
			isa = PBXFrameworksBuildPhase;
			buildActionMask = 2147483647;
			files = (
			);
			runOnlyForDeploymentPostprocessing = 0;
		};
		87D26D251C9F431A000DE9E9 /* Frameworks */ = {
			isa = PBXFrameworksBuildPhase;
			buildActionMask = 2147483647;
			files = (
				87B840351C9F66CD0070E6EC /* libz.tbd in Frameworks */,
			);
			runOnlyForDeploymentPostprocessing = 0;
		};
/* End PBXFrameworksBuildPhase section */

/* Begin PBXGroup section */
		8703C3F11C9CC4F100740257 /* AylienSummarizerClient */ = {
			isa = PBXGroup;
			children = (
				8703C3F21C9CC4F100740257 /* AylienSummarizerClient.swift */,
			);
			path = AylienSummarizerClient;
			sourceTree = "<group>";
		};
		87262FBE1CA083A700D83A76 /* DiffbotArticleClient */ = {
			isa = PBXGroup;
			children = (
				87262FBF1CA083A700D83A76 /* DiffbotArticleClient.swift */,
			);
			path = DiffbotArticleClient;
			sourceTree = "<group>";
		};
		87262FC01CA083A700D83A76 /* AylienSummarizerClient */ = {
			isa = PBXGroup;
			children = (
				87262FC11CA083A700D83A76 /* AylienSummarizerClient.swift */,
			);
			path = AylienSummarizerClient;
			sourceTree = "<group>";
		};
		87A4AE171C9354CB000D5E4A = {
			isa = PBXGroup;
			children = (
				87A4AE221C9354CB000D5E4A /* Article Summarizer */,
				87A4AE371C9354CB000D5E4A /* Article SummarizerTests */,
				87D26D291C9F431A000DE9E9 /* SummarizerExtension */,
				87A4AE211C9354CB000D5E4A /* Products */,
				B4A495456C939AD2759E5AC5 /* Frameworks */,
			);
			sourceTree = "<group>";
		};
		87A4AE211C9354CB000D5E4A /* Products */ = {
			isa = PBXGroup;
			children = (
				87A4AE201C9354CB000D5E4A /* Article Summarizer.app */,
				87A4AE341C9354CB000D5E4A /* Article SummarizerTests.xctest */,
				87D26D281C9F431A000DE9E9 /* SummarizerExtension.appex */,
			);
			name = Products;
			sourceTree = "<group>";
		};
		87A4AE221C9354CB000D5E4A /* Article Summarizer */ = {
			isa = PBXGroup;
			children = (
				8703C3F11C9CC4F100740257 /* AylienSummarizerClient */,
				87B8402C1C9F61F70070E6EC /* DiffbotArticleClient */,
				87D26D231C9F40D9000DE9E9 /* Article Summarizer.entitlements */,
				87A4AE231C9354CB000D5E4A /* AppDelegate.swift */,
				87A4AE251C9354CB000D5E4A /* SummaryController.swift */,
				87262FDF1CA0A2A600D83A76 /* AdditionalInfoController.swift */,
				87262FE11CA0A8E800D83A76 /* StoredArticlesTableControllerTableViewController.swift */,
				87262FE31CA0A9D300D83A76 /* StoredArticlesTableViewCell.swift */,
				87A4AE271C9354CB000D5E4A /* Main.storyboard */,
				87A4AE2A1C9354CB000D5E4A /* Assets.xcassets */,
				87A4AE2C1C9354CB000D5E4A /* LaunchScreen.storyboard */,
				87A4AE2F1C9354CB000D5E4A /* Info.plist */,
				87AC02841C93577000B26AAE /* Article Summarizer-Bridging-Header.h */,
			);
			path = "Article Summarizer";
			sourceTree = "<group>";
		};
		87A4AE371C9354CB000D5E4A /* Article SummarizerTests */ = {
			isa = PBXGroup;
			children = (
				87A4AE381C9354CB000D5E4A /* Article_SummarizerTests.swift */,
				87A4AE3A1C9354CB000D5E4A /* Info.plist */,
			);
			path = "Article SummarizerTests";
			sourceTree = "<group>";
		};
		87B8402C1C9F61F70070E6EC /* DiffbotArticleClient */ = {
			isa = PBXGroup;
			children = (
				87B8402D1C9F62150070E6EC /* DiffbotArticleClient.swift */,
			);
			path = DiffbotArticleClient;
			sourceTree = "<group>";
		};
		87D26D291C9F431A000DE9E9 /* SummarizerExtension */ = {
			isa = PBXGroup;
			children = (
				87262FC01CA083A700D83A76 /* AylienSummarizerClient */,
				87262FBE1CA083A700D83A76 /* DiffbotArticleClient */,
				87D26D361C9F4330000DE9E9 /* SummarizerExtension.entitlements */,
				87262FC71CA0849000D83A76 /* LoadingController.swift */,
				87262FC81CA0849000D83A76 /* SummaryController.swift */,
				87262FCB1CA0874200D83A76 /* AdditionalInfoController.swift */,
				87262FC41CA083BE00D83A76 /* MainExtension.storyboard */,
				87D26D2F1C9F431D000DE9E9 /* Info.plist */,
				87D26D371C9F450A000DE9E9 /* GetURL.js */,
				87B8405E1C9F6A400070E6EC /* SummarizerExtension-Bridging-Header.h */,
			);
			path = SummarizerExtension;
			sourceTree = "<group>";
		};
		B4A495456C939AD2759E5AC5 /* Frameworks */ = {
			isa = PBXGroup;
			children = (
				874A67631C9B4B0E00A150F3 /* libz.tbd */,
				874A67601C9B48F100A150F3 /* Xcode.app */,
			);
			name = Frameworks;
			sourceTree = "<group>";
		};
/* End PBXGroup section */

/* Begin PBXNativeTarget section */
		87A4AE1F1C9354CB000D5E4A /* Article Summarizer */ = {
			isa = PBXNativeTarget;
			buildConfigurationList = 87A4AE3D1C9354CB000D5E4A /* Build configuration list for PBXNativeTarget "Article Summarizer" */;
			buildPhases = (
				87A4AE1C1C9354CB000D5E4A /* Sources */,
				87A4AE1D1C9354CB000D5E4A /* Frameworks */,
				87A4AE1E1C9354CB000D5E4A /* Resources */,
				87D26D1E1C9F3E96000DE9E9 /* Embed App Extensions */,
				87B840551C9F687C0070E6EC /* Embed Frameworks */,
			);
			buildRules = (
			);
			dependencies = (
				87D26D311C9F431D000DE9E9 /* PBXTargetDependency */,
			);
			name = "Article Summarizer";
			productName = "Article Summarizer";
			productReference = 87A4AE201C9354CB000D5E4A /* Article Summarizer.app */;
			productType = "com.apple.product-type.application";
		};
		87A4AE331C9354CB000D5E4A /* Article SummarizerTests */ = {
			isa = PBXNativeTarget;
			buildConfigurationList = 87A4AE401C9354CB000D5E4A /* Build configuration list for PBXNativeTarget "Article SummarizerTests" */;
			buildPhases = (
				F67B0A0042FD84B36D0096EA /* Check Pods Manifest.lock */,
				87A4AE301C9354CB000D5E4A /* Sources */,
				87A4AE311C9354CB000D5E4A /* Frameworks */,
				87A4AE321C9354CB000D5E4A /* Resources */,
				ADBA0E40990FBAA471002E07 /* Embed Pods Frameworks */,
				2DEF61140BD8F9B0AA5A559F /* Copy Pods Resources */,
			);
			buildRules = (
			);
			dependencies = (
				87A4AE361C9354CB000D5E4A /* PBXTargetDependency */,
			);
			name = "Article SummarizerTests";
			productName = "Article SummarizerTests";
			productReference = 87A4AE341C9354CB000D5E4A /* Article SummarizerTests.xctest */;
			productType = "com.apple.product-type.bundle.unit-test";
		};
		87D26D271C9F431A000DE9E9 /* SummarizerExtension */ = {
			isa = PBXNativeTarget;
			buildConfigurationList = 87D26D331C9F431D000DE9E9 /* Build configuration list for PBXNativeTarget "SummarizerExtension" */;
			buildPhases = (
				87D26D241C9F431A000DE9E9 /* Sources */,
				87D26D251C9F431A000DE9E9 /* Frameworks */,
				87D26D261C9F431A000DE9E9 /* Resources */,
			);
			buildRules = (
			);
			dependencies = (
			);
			name = SummarizerExtension;
			productName = SummarizerExtension;
			productReference = 87D26D281C9F431A000DE9E9 /* SummarizerExtension.appex */;
			productType = "com.apple.product-type.app-extension";
		};
/* End PBXNativeTarget section */

/* Begin PBXProject section */
		87A4AE181C9354CB000D5E4A /* Project object */ = {
			isa = PBXProject;
			attributes = {
				LastSwiftUpdateCheck = 0720;
				LastUpgradeCheck = 0720;
				ORGANIZATIONNAME = "Sahaj Bhatt";
				TargetAttributes = {
					87A4AE1F1C9354CB000D5E4A = {
						CreatedOnToolsVersion = 7.2.1;
						DevelopmentTeam = U9X42PLV7V;
						SystemCapabilities = {
							com.apple.ApplicationGroups.iOS = {
								enabled = 1;
							};
						};
					};
					87A4AE331C9354CB000D5E4A = {
						CreatedOnToolsVersion = 7.2.1;
						DevelopmentTeam = U9X42PLV7V;
						TestTargetID = 87A4AE1F1C9354CB000D5E4A;
					};
					87D26D271C9F431A000DE9E9 = {
						CreatedOnToolsVersion = 7.2.1;
						DevelopmentTeam = U9X42PLV7V;
						SystemCapabilities = {
							com.apple.ApplicationGroups.iOS = {
								enabled = 1;
							};
						};
					};
				};
			};
			buildConfigurationList = 87A4AE1B1C9354CB000D5E4A /* Build configuration list for PBXProject "Article Summarizer" */;
			compatibilityVersion = "Xcode 3.2";
			developmentRegion = English;
			hasScannedForEncodings = 0;
			knownRegions = (
				en,
				Base,
			);
			mainGroup = 87A4AE171C9354CB000D5E4A;
			productRefGroup = 87A4AE211C9354CB000D5E4A /* Products */;
			projectDirPath = "";
			projectRoot = "";
			targets = (
				87A4AE1F1C9354CB000D5E4A /* Article Summarizer */,
				87A4AE331C9354CB000D5E4A /* Article SummarizerTests */,
				87D26D271C9F431A000DE9E9 /* SummarizerExtension */,
			);
		};
/* End PBXProject section */

/* Begin PBXResourcesBuildPhase section */
		87A4AE1E1C9354CB000D5E4A /* Resources */ = {
			isa = PBXResourcesBuildPhase;
			buildActionMask = 2147483647;
			files = (
				87A4AE2E1C9354CB000D5E4A /* LaunchScreen.storyboard in Resources */,
				87A4AE2B1C9354CB000D5E4A /* Assets.xcassets in Resources */,
				87A4AE291C9354CB000D5E4A /* Main.storyboard in Resources */,
			);
			runOnlyForDeploymentPostprocessing = 0;
		};
		87A4AE321C9354CB000D5E4A /* Resources */ = {
			isa = PBXResourcesBuildPhase;
			buildActionMask = 2147483647;
			files = (
			);
			runOnlyForDeploymentPostprocessing = 0;
		};
		87D26D261C9F431A000DE9E9 /* Resources */ = {
			isa = PBXResourcesBuildPhase;
			buildActionMask = 2147483647;
			files = (
				87262FC61CA083BE00D83A76 /* MainExtension.storyboard in Resources */,
				87D26D381C9F450A000DE9E9 /* GetURL.js in Resources */,
			);
			runOnlyForDeploymentPostprocessing = 0;
		};
/* End PBXResourcesBuildPhase section */

/* Begin PBXShellScriptBuildPhase section */
		2DEF61140BD8F9B0AA5A559F /* Copy Pods Resources */ = {
			isa = PBXShellScriptBuildPhase;
			buildActionMask = 2147483647;
			files = (
			);
			inputPaths = (
			);
			name = "Copy Pods Resources";
			outputPaths = (
			);
			runOnlyForDeploymentPostprocessing = 0;
			shellPath = /bin/sh;
			shellScript = "\"${SRCROOT}/Pods/Target Support Files/Pods-Article SummarizerTests/Pods-Article SummarizerTests-resources.sh\"\n";
			showEnvVarsInLog = 0;
		};
		ADBA0E40990FBAA471002E07 /* Embed Pods Frameworks */ = {
			isa = PBXShellScriptBuildPhase;
			buildActionMask = 2147483647;
			files = (
			);
			inputPaths = (
			);
			name = "Embed Pods Frameworks";
			outputPaths = (
			);
			runOnlyForDeploymentPostprocessing = 0;
			shellPath = /bin/sh;
			shellScript = "\"${SRCROOT}/Pods/Target Support Files/Pods-Article SummarizerTests/Pods-Article SummarizerTests-frameworks.sh\"\n";
			showEnvVarsInLog = 0;
		};
		F67B0A0042FD84B36D0096EA /* Check Pods Manifest.lock */ = {
			isa = PBXShellScriptBuildPhase;
			buildActionMask = 2147483647;
			files = (
			);
			inputPaths = (
			);
			name = "Check Pods Manifest.lock";
			outputPaths = (
			);
			runOnlyForDeploymentPostprocessing = 0;
			shellPath = /bin/sh;
			shellScript = "diff \"${PODS_ROOT}/../Podfile.lock\" \"${PODS_ROOT}/Manifest.lock\" > /dev/null\nif [[ $? != 0 ]] ; then\n    cat << EOM\nerror: The sandbox is not in sync with the Podfile.lock. Run 'pod install' or update your CocoaPods installation.\nEOM\n    exit 1\nfi\n";
			showEnvVarsInLog = 0;
		};
/* End PBXShellScriptBuildPhase section */

/* Begin PBXSourcesBuildPhase section */
		87A4AE1C1C9354CB000D5E4A /* Sources */ = {
			isa = PBXSourcesBuildPhase;
			buildActionMask = 2147483647;
			files = (
				87262FE01CA0A2A600D83A76 /* AdditionalInfoController.swift in Sources */,
				87A4AE261C9354CB000D5E4A /* SummaryController.swift in Sources */,
				87262FE21CA0A8E800D83A76 /* StoredArticlesTableControllerTableViewController.swift in Sources */,
				87A4AE241C9354CB000D5E4A /* AppDelegate.swift in Sources */,
				87262FE41CA0A9D300D83A76 /* StoredArticlesTableViewCell.swift in Sources */,
				87262FBD1CA081C700D83A76 /* DiffbotArticleClient.swift in Sources */,
				87262FBC1CA081C200D83A76 /* AylienSummarizerClient.swift in Sources */,
			);
			runOnlyForDeploymentPostprocessing = 0;
		};
		87A4AE301C9354CB000D5E4A /* Sources */ = {
			isa = PBXSourcesBuildPhase;
			buildActionMask = 2147483647;
			files = (
				87A4AE391C9354CB000D5E4A /* Article_SummarizerTests.swift in Sources */,
			);
			runOnlyForDeploymentPostprocessing = 0;
		};
		87D26D241C9F431A000DE9E9 /* Sources */ = {
			isa = PBXSourcesBuildPhase;
			buildActionMask = 2147483647;
			files = (
				87262FCC1CA0874200D83A76 /* AdditionalInfoController.swift in Sources */,
				87262FC91CA0849000D83A76 /* LoadingController.swift in Sources */,
				87262FC31CA083A700D83A76 /* AylienSummarizerClient.swift in Sources */,
				87262FC21CA083A700D83A76 /* DiffbotArticleClient.swift in Sources */,
				87262FCA1CA0849000D83A76 /* SummaryController.swift in Sources */,
			);
			runOnlyForDeploymentPostprocessing = 0;
		};
/* End PBXSourcesBuildPhase section */

/* Begin PBXTargetDependency section */
		87A4AE361C9354CB000D5E4A /* PBXTargetDependency */ = {
			isa = PBXTargetDependency;
			target = 87A4AE1F1C9354CB000D5E4A /* Article Summarizer */;
			targetProxy = 87A4AE351C9354CB000D5E4A /* PBXContainerItemProxy */;
		};
		87D26D311C9F431D000DE9E9 /* PBXTargetDependency */ = {
			isa = PBXTargetDependency;
			target = 87D26D271C9F431A000DE9E9 /* SummarizerExtension */;
			targetProxy = 87D26D301C9F431D000DE9E9 /* PBXContainerItemProxy */;
		};
/* End PBXTargetDependency section */

/* Begin PBXVariantGroup section */
		87262FC41CA083BE00D83A76 /* MainExtension.storyboard */ = {
			isa = PBXVariantGroup;
			children = (
				87262FC51CA083BE00D83A76 /* Base */,
			);
			name = MainExtension.storyboard;
			sourceTree = "<group>";
		};
		87A4AE271C9354CB000D5E4A /* Main.storyboard */ = {
			isa = PBXVariantGroup;
			children = (
				87A4AE281C9354CB000D5E4A /* Base */,
			);
			name = Main.storyboard;
			sourceTree = "<group>";
		};
		87A4AE2C1C9354CB000D5E4A /* LaunchScreen.storyboard */ = {
			isa = PBXVariantGroup;
			children = (
				87A4AE2D1C9354CB000D5E4A /* Base */,
			);
			name = LaunchScreen.storyboard;
			sourceTree = "<group>";
		};
/* End PBXVariantGroup section */

/* Begin XCBuildConfiguration section */
		87A4AE3B1C9354CB000D5E4A /* Debug */ = {
			isa = XCBuildConfiguration;
			buildSettings = {
				ALWAYS_SEARCH_USER_PATHS = NO;
				CLANG_CXX_LANGUAGE_STANDARD = "gnu++0x";
				CLANG_CXX_LIBRARY = "libc++";
				CLANG_ENABLE_MODULES = YES;
				CLANG_ENABLE_OBJC_ARC = YES;
				CLANG_WARN_BOOL_CONVERSION = YES;
				CLANG_WARN_CONSTANT_CONVERSION = YES;
				CLANG_WARN_DIRECT_OBJC_ISA_USAGE = YES_ERROR;
				CLANG_WARN_EMPTY_BODY = YES;
				CLANG_WARN_ENUM_CONVERSION = YES;
				CLANG_WARN_INT_CONVERSION = YES;
				CLANG_WARN_OBJC_ROOT_CLASS = YES_ERROR;
				CLANG_WARN_UNREACHABLE_CODE = YES;
				CLANG_WARN__DUPLICATE_METHOD_MATCH = YES;
				"CODE_SIGN_IDENTITY[sdk=iphoneos*]" = "iPhone Developer";
				COPY_PHASE_STRIP = NO;
				DEBUG_INFORMATION_FORMAT = dwarf;
				ENABLE_STRICT_OBJC_MSGSEND = YES;
				ENABLE_TESTABILITY = YES;
				GCC_C_LANGUAGE_STANDARD = gnu99;
				GCC_DYNAMIC_NO_PIC = NO;
				GCC_NO_COMMON_BLOCKS = YES;
				GCC_OPTIMIZATION_LEVEL = 0;
				GCC_PREPROCESSOR_DEFINITIONS = (
					"DEBUG=1",
					"$(inherited)",
				);
				GCC_WARN_64_TO_32_BIT_CONVERSION = YES;
				GCC_WARN_ABOUT_RETURN_TYPE = YES_ERROR;
				GCC_WARN_UNDECLARED_SELECTOR = YES;
				GCC_WARN_UNINITIALIZED_AUTOS = YES_AGGRESSIVE;
				GCC_WARN_UNUSED_FUNCTION = YES;
				GCC_WARN_UNUSED_VARIABLE = YES;
				IPHONEOS_DEPLOYMENT_TARGET = 9.2;
				MTL_ENABLE_DEBUG_INFO = YES;
				ONLY_ACTIVE_ARCH = YES;
				SDKROOT = iphoneos;
				SWIFT_OPTIMIZATION_LEVEL = "-Onone";
				TARGETED_DEVICE_FAMILY = "1,2";
			};
			name = Debug;
		};
		87A4AE3C1C9354CB000D5E4A /* Release */ = {
			isa = XCBuildConfiguration;
			buildSettings = {
				ALWAYS_SEARCH_USER_PATHS = NO;
				CLANG_CXX_LANGUAGE_STANDARD = "gnu++0x";
				CLANG_CXX_LIBRARY = "libc++";
				CLANG_ENABLE_MODULES = YES;
				CLANG_ENABLE_OBJC_ARC = YES;
				CLANG_WARN_BOOL_CONVERSION = YES;
				CLANG_WARN_CONSTANT_CONVERSION = YES;
				CLANG_WARN_DIRECT_OBJC_ISA_USAGE = YES_ERROR;
				CLANG_WARN_EMPTY_BODY = YES;
				CLANG_WARN_ENUM_CONVERSION = YES;
				CLANG_WARN_INT_CONVERSION = YES;
				CLANG_WARN_OBJC_ROOT_CLASS = YES_ERROR;
				CLANG_WARN_UNREACHABLE_CODE = YES;
				CLANG_WARN__DUPLICATE_METHOD_MATCH = YES;
				"CODE_SIGN_IDENTITY[sdk=iphoneos*]" = "iPhone Developer";
				COPY_PHASE_STRIP = NO;
				DEBUG_INFORMATION_FORMAT = "dwarf-with-dsym";
				ENABLE_NS_ASSERTIONS = NO;
				ENABLE_STRICT_OBJC_MSGSEND = YES;
				GCC_C_LANGUAGE_STANDARD = gnu99;
				GCC_NO_COMMON_BLOCKS = YES;
				GCC_WARN_64_TO_32_BIT_CONVERSION = YES;
				GCC_WARN_ABOUT_RETURN_TYPE = YES_ERROR;
				GCC_WARN_UNDECLARED_SELECTOR = YES;
				GCC_WARN_UNINITIALIZED_AUTOS = YES_AGGRESSIVE;
				GCC_WARN_UNUSED_FUNCTION = YES;
				GCC_WARN_UNUSED_VARIABLE = YES;
				IPHONEOS_DEPLOYMENT_TARGET = 9.2;
				MTL_ENABLE_DEBUG_INFO = NO;
				SDKROOT = iphoneos;
				TARGETED_DEVICE_FAMILY = "1,2";
				VALIDATE_PRODUCT = YES;
			};
			name = Release;
		};
		87A4AE3E1C9354CB000D5E4A /* Debug */ = {
			isa = XCBuildConfiguration;
			buildSettings = {
				ASSETCATALOG_COMPILER_APPICON_NAME = AppIcon;
				CLANG_ENABLE_MODULES = YES;
				CODE_SIGN_ENTITLEMENTS = "Article Summarizer/Article Summarizer.entitlements";
				CODE_SIGN_IDENTITY = "iPhone Developer";
				"CODE_SIGN_IDENTITY[sdk=iphoneos*]" = "iPhone Developer";
				EMBEDDED_CONTENT_CONTAINS_SWIFT = YES;
				INFOPLIST_FILE = "Article Summarizer/Info.plist";
				LD_RUNPATH_SEARCH_PATHS = "$(inherited) @executable_path/Frameworks";
				PRODUCT_BUNDLE_IDENTIFIER = "com.sahajbhatt.Article-Summarizer";
				PRODUCT_NAME = "$(TARGET_NAME)";
				PROVISIONING_PROFILE = "";
				SWIFT_OBJC_BRIDGING_HEADER = "Article Summarizer/Article Summarizer-Bridging-Header.h";
				SWIFT_OPTIMIZATION_LEVEL = "-Onone";
			};
			name = Debug;
		};
		87A4AE3F1C9354CB000D5E4A /* Release */ = {
			isa = XCBuildConfiguration;
			buildSettings = {
				ASSETCATALOG_COMPILER_APPICON_NAME = AppIcon;
				CLANG_ENABLE_MODULES = YES;
				CODE_SIGN_ENTITLEMENTS = "Article Summarizer/Article Summarizer.entitlements";
				CODE_SIGN_IDENTITY = "iPhone Developer";
				"CODE_SIGN_IDENTITY[sdk=iphoneos*]" = "iPhone Developer";
				EMBEDDED_CONTENT_CONTAINS_SWIFT = YES;
				INFOPLIST_FILE = "Article Summarizer/Info.plist";
				LD_RUNPATH_SEARCH_PATHS = "$(inherited) @executable_path/Frameworks";
				PRODUCT_BUNDLE_IDENTIFIER = "com.sahajbhatt.Article-Summarizer";
				PRODUCT_NAME = "$(TARGET_NAME)";
				PROVISIONING_PROFILE = "";
				SWIFT_OBJC_BRIDGING_HEADER = "Article Summarizer/Article Summarizer-Bridging-Header.h";
			};
			name = Release;
		};
		87A4AE411C9354CB000D5E4A /* Debug */ = {
			isa = XCBuildConfiguration;
			buildSettings = {
				BUNDLE_LOADER = "$(TEST_HOST)";
				INFOPLIST_FILE = "Article SummarizerTests/Info.plist";
				LD_RUNPATH_SEARCH_PATHS = "$(inherited) @executable_path/Frameworks @loader_path/Frameworks";
				PRODUCT_BUNDLE_IDENTIFIER = "com.sahajbhatt.Article-SummarizerTests";
				PRODUCT_NAME = "$(TARGET_NAME)";
				TEST_HOST = "$(BUILT_PRODUCTS_DIR)/Article Summarizer.app/Article Summarizer";
			};
			name = Debug;
		};
		87A4AE421C9354CB000D5E4A /* Release */ = {
			isa = XCBuildConfiguration;
			buildSettings = {
				BUNDLE_LOADER = "$(TEST_HOST)";
				INFOPLIST_FILE = "Article SummarizerTests/Info.plist";
				LD_RUNPATH_SEARCH_PATHS = "$(inherited) @executable_path/Frameworks @loader_path/Frameworks";
				PRODUCT_BUNDLE_IDENTIFIER = "com.sahajbhatt.Article-SummarizerTests";
				PRODUCT_NAME = "$(TARGET_NAME)";
				TEST_HOST = "$(BUILT_PRODUCTS_DIR)/Article Summarizer.app/Article Summarizer";
			};
			name = Release;
		};
		87D26D341C9F431D000DE9E9 /* Debug */ = {
			isa = XCBuildConfiguration;
			buildSettings = {
				CLANG_ENABLE_MODULES = YES;
				CODE_SIGN_ENTITLEMENTS = SummarizerExtension/SummarizerExtension.entitlements;
				CODE_SIGN_IDENTITY = "iPhone Developer";
				"CODE_SIGN_IDENTITY[sdk=iphoneos*]" = "iPhone Developer";
				FRAMEWORK_SEARCH_PATHS = (
					"$(inherited)",
					"$(PROJECT_DIR)/build/Debug-iphoneos",
				);
				INFOPLIST_FILE = SummarizerExtension/Info.plist;
				LD_RUNPATH_SEARCH_PATHS = "$(inherited) @executable_path/Frameworks @executable_path/../../Frameworks";
				PRODUCT_BUNDLE_IDENTIFIER = "com.sahajbhatt.Article-Summarizer.SummarizerExtension";
				PRODUCT_NAME = "$(TARGET_NAME)";
				PROVISIONING_PROFILE = "";
				SKIP_INSTALL = YES;
				SWIFT_OBJC_BRIDGING_HEADER = "SummarizerExtension/SummarizerExtension-Bridging-Header.h";
				SWIFT_OPTIMIZATION_LEVEL = "-Onone";
			};
			name = Debug;
		};
		87D26D351C9F431D000DE9E9 /* Release */ = {
			isa = XCBuildConfiguration;
			buildSettings = {
				CLANG_ENABLE_MODULES = YES;
				CODE_SIGN_ENTITLEMENTS = SummarizerExtension/SummarizerExtension.entitlements;
				CODE_SIGN_IDENTITY = "iPhone Developer";
				"CODE_SIGN_IDENTITY[sdk=iphoneos*]" = "iPhone Developer";
				FRAMEWORK_SEARCH_PATHS = (
					"$(inherited)",
					"$(PROJECT_DIR)/build/Debug-iphoneos",
				);
				INFOPLIST_FILE = SummarizerExtension/Info.plist;
				LD_RUNPATH_SEARCH_PATHS = "$(inherited) @executable_path/Frameworks @executable_path/../../Frameworks";
				PRODUCT_BUNDLE_IDENTIFIER = "com.sahajbhatt.Article-Summarizer.SummarizerExtension";
				PRODUCT_NAME = "$(TARGET_NAME)";
				PROVISIONING_PROFILE = "";
				SKIP_INSTALL = YES;
				SWIFT_OBJC_BRIDGING_HEADER = "SummarizerExtension/SummarizerExtension-Bridging-Header.h";
			};
			name = Release;
		};
/* End XCBuildConfiguration section */

/* Begin XCConfigurationList section */
		87A4AE1B1C9354CB000D5E4A /* Build configuration list for PBXProject "Article Summarizer" */ = {
			isa = XCConfigurationList;
			buildConfigurations = (
				87A4AE3B1C9354CB000D5E4A /* Debug */,
				87A4AE3C1C9354CB000D5E4A /* Release */,
			);
			defaultConfigurationIsVisible = 0;
			defaultConfigurationName = Release;
		};
		87A4AE3D1C9354CB000D5E4A /* Build configuration list for PBXNativeTarget "Article Summarizer" */ = {
			isa = XCConfigurationList;
			buildConfigurations = (
				87A4AE3E1C9354CB000D5E4A /* Debug */,
				87A4AE3F1C9354CB000D5E4A /* Release */,
			);
			defaultConfigurationIsVisible = 0;
			defaultConfigurationName = Release;
		};
		87A4AE401C9354CB000D5E4A /* Build configuration list for PBXNativeTarget "Article SummarizerTests" */ = {
			isa = XCConfigurationList;
			buildConfigurations = (
				87A4AE411C9354CB000D5E4A /* Debug */,
				87A4AE421C9354CB000D5E4A /* Release */,
			);
			defaultConfigurationIsVisible = 0;
			defaultConfigurationName = Release;
		};
		87D26D331C9F431D000DE9E9 /* Build configuration list for PBXNativeTarget "SummarizerExtension" */ = {
			isa = XCConfigurationList;
			buildConfigurations = (
				87D26D341C9F431D000DE9E9 /* Debug */,
				87D26D351C9F431D000DE9E9 /* Release */,
			);
			defaultConfigurationIsVisible = 0;
			defaultConfigurationName = Release;
		};
/* End XCConfigurationList section */
	};
	rootObject = 87A4AE181C9354CB000D5E4A /* Project object */;
}
