// !$*UTF8*$!
{
	archiveVersion = 1;
	classes = {
	};
	objectVersion = 46;
	objects = {

/* Begin PBXBuildFile section */
		17B891BAC378E79C8F1DE5AB /* Pods.framework in Frameworks */ = {isa = PBXBuildFile; fileRef = B5FCD0704C87A6D5A82ECDCF /* Pods.framework */; };
		38B8B5582D73BC8F313465D9 /* Pods_Article_SummarizerTests.framework in Frameworks */ = {isa = PBXBuildFile; fileRef = 501757E8F29B255673F64419 /* Pods_Article_SummarizerTests.framework */; };
		8703C3F31C9CC4F100740257 /* AylienSummarizerClient.swift in Sources */ = {isa = PBXBuildFile; fileRef = 8703C3F21C9CC4F100740257 /* AylienSummarizerClient.swift */; };
		874A67641C9B4B0F00A150F3 /* libz.tbd in Frameworks */ = {isa = PBXBuildFile; fileRef = 874A67631C9B4B0E00A150F3 /* libz.tbd */; };
		87798B151C9E5D6C000FC2C9 /* LoadingController.swift in Sources */ = {isa = PBXBuildFile; fileRef = 87798B141C9E5D6C000FC2C9 /* LoadingController.swift */; };
		87A4AE241C9354CB000D5E4A /* AppDelegate.swift in Sources */ = {isa = PBXBuildFile; fileRef = 87A4AE231C9354CB000D5E4A /* AppDelegate.swift */; };
		87A4AE261C9354CB000D5E4A /* SummaryController.swift in Sources */ = {isa = PBXBuildFile; fileRef = 87A4AE251C9354CB000D5E4A /* SummaryController.swift */; };
		87A4AE291C9354CB000D5E4A /* Main.storyboard in Resources */ = {isa = PBXBuildFile; fileRef = 87A4AE271C9354CB000D5E4A /* Main.storyboard */; };
		87A4AE2B1C9354CB000D5E4A /* Assets.xcassets in Resources */ = {isa = PBXBuildFile; fileRef = 87A4AE2A1C9354CB000D5E4A /* Assets.xcassets */; };
		87A4AE2E1C9354CB000D5E4A /* LaunchScreen.storyboard in Resources */ = {isa = PBXBuildFile; fileRef = 87A4AE2C1C9354CB000D5E4A /* LaunchScreen.storyboard */; };
		87A4AE391C9354CB000D5E4A /* Article_SummarizerTests.swift in Sources */ = {isa = PBXBuildFile; fileRef = 87A4AE381C9354CB000D5E4A /* Article_SummarizerTests.swift */; };
		87B5F9CE1C9B7E2F0092D077 /* ASIAuthenticationDialog.m in Sources */ = {isa = PBXBuildFile; fileRef = 87B5F9B51C9B7E2F0092D077 /* ASIAuthenticationDialog.m */; settings = {COMPILER_FLAGS = "-fno-objc-arc"; }; };
		87B5F9CF1C9B7E2F0092D077 /* ASIDataCompressor.m in Sources */ = {isa = PBXBuildFile; fileRef = 87B5F9B81C9B7E2F0092D077 /* ASIDataCompressor.m */; settings = {COMPILER_FLAGS = "-fno-objc-arc"; }; };
		87B5F9D01C9B7E2F0092D077 /* ASIDataDecompressor.m in Sources */ = {isa = PBXBuildFile; fileRef = 87B5F9BA1C9B7E2F0092D077 /* ASIDataDecompressor.m */; settings = {COMPILER_FLAGS = "-fno-objc-arc"; }; };
		87B5F9D11C9B7E2F0092D077 /* ASIDownloadCache.m in Sources */ = {isa = PBXBuildFile; fileRef = 87B5F9BC1C9B7E2F0092D077 /* ASIDownloadCache.m */; settings = {COMPILER_FLAGS = "-fno-objc-arc"; }; };
		87B5F9D21C9B7E2F0092D077 /* ASIFormDataRequest.m in Sources */ = {isa = PBXBuildFile; fileRef = 87B5F9BE1C9B7E2F0092D077 /* ASIFormDataRequest.m */; settings = {COMPILER_FLAGS = "-fno-objc-arc"; }; };
		87B5F9D31C9B7E2F0092D077 /* ASIHTTPRequest.m in Sources */ = {isa = PBXBuildFile; fileRef = 87B5F9C01C9B7E2F0092D077 /* ASIHTTPRequest.m */; settings = {COMPILER_FLAGS = "-fno-objc-arc"; }; };
		87B5F9D41C9B7E2F0092D077 /* ASIInputStream.m in Sources */ = {isa = PBXBuildFile; fileRef = 87B5F9C41C9B7E2F0092D077 /* ASIInputStream.m */; settings = {COMPILER_FLAGS = "-fno-objc-arc"; }; };
		87B5F9D51C9B7E2F0092D077 /* ASINetworkQueue.m in Sources */ = {isa = PBXBuildFile; fileRef = 87B5F9C61C9B7E2F0092D077 /* ASINetworkQueue.m */; settings = {COMPILER_FLAGS = "-fno-objc-arc"; }; };
		87B5F9D61C9B7E2F0092D077 /* DiffbotAPIClient.m in Sources */ = {isa = PBXBuildFile; fileRef = 87B5F9C91C9B7E2F0092D077 /* DiffbotAPIClient.m */; };
		87B5F9D71C9B7E2F0092D077 /* NSDictionary+Merge.m in Sources */ = {isa = PBXBuildFile; fileRef = 87B5F9CB1C9B7E2F0092D077 /* NSDictionary+Merge.m */; };
		87B5F9D81C9B7E2F0092D077 /* Reachability.m in Sources */ = {isa = PBXBuildFile; fileRef = 87B5F9CD1C9B7E2F0092D077 /* Reachability.m */; settings = {COMPILER_FLAGS = "-fno-objc-arc"; }; };
		87D26D2B1C9F431D000DE9E9 /* ActionViewController.swift in Sources */ = {isa = PBXBuildFile; fileRef = 87D26D2A1C9F431D000DE9E9 /* ActionViewController.swift */; };
		87D26D2E1C9F431D000DE9E9 /* MainInterface.storyboard in Resources */ = {isa = PBXBuildFile; fileRef = 87D26D2C1C9F431D000DE9E9 /* MainInterface.storyboard */; };
		87D26D321C9F431D000DE9E9 /* SummarizerExtension.appex in Embed App Extensions */ = {isa = PBXBuildFile; fileRef = 87D26D281C9F431A000DE9E9 /* SummarizerExtension.appex */; settings = {ATTRIBUTES = (RemoveHeadersOnCopy, ); }; };
		87D26D381C9F450A000DE9E9 /* GetURL.js in Resources */ = {isa = PBXBuildFile; fileRef = 87D26D371C9F450A000DE9E9 /* GetURL.js */; };
		87D26D3A1C9F4712000DE9E9 /* Pods_Article_Summarizer.framework in Frameworks */ = {isa = PBXBuildFile; fileRef = 87D26D391C9F470F000DE9E9 /* Pods_Article_Summarizer.framework */; };
		87D26D3D1C9F4755000DE9E9 /* Pods_Article_SummarizerTests.framework in Frameworks */ = {isa = PBXBuildFile; fileRef = 87D26D3B1C9F474F000DE9E9 /* Pods_Article_SummarizerTests.framework */; };
		87D26D3E1C9F4755000DE9E9 /* Pods.framework in Frameworks */ = {isa = PBXBuildFile; fileRef = 87D26D3C1C9F4752000DE9E9 /* Pods.framework */; };
		AA5EBCD8CF317D32A4474905 /* Pods_Article_Summarizer.framework in Frameworks */ = {isa = PBXBuildFile; fileRef = 14263F58A558960B7EACBE2F /* Pods_Article_Summarizer.framework */; };
/* End PBXBuildFile section */

/* Begin PBXContainerItemProxy section */
		87A4AE351C9354CB000D5E4A /* PBXContainerItemProxy */ = {
			isa = PBXContainerItemProxy;
			containerPortal = 87A4AE181C9354CB000D5E4A /* Project object */;
			proxyType = 1;
			remoteGlobalIDString = 87A4AE1F1C9354CB000D5E4A;
			remoteInfo = "Article Summarizer";
		};
		87D26D301C9F431D000DE9E9 /* PBXContainerItemProxy */ = {
			isa = PBXContainerItemProxy;
			containerPortal = 87A4AE181C9354CB000D5E4A /* Project object */;
			proxyType = 1;
			remoteGlobalIDString = 87D26D271C9F431A000DE9E9;
			remoteInfo = SummarizerExtension;
		};
/* End PBXContainerItemProxy section */

/* Begin PBXCopyFilesBuildPhase section */
		87D26D1E1C9F3E96000DE9E9 /* Embed App Extensions */ = {
			isa = PBXCopyFilesBuildPhase;
			buildActionMask = 2147483647;
			dstPath = "";
			dstSubfolderSpec = 13;
			files = (
				87D26D321C9F431D000DE9E9 /* SummarizerExtension.appex in Embed App Extensions */,
			);
			name = "Embed App Extensions";
			runOnlyForDeploymentPostprocessing = 0;
		};
/* End PBXCopyFilesBuildPhase section */

/* Begin PBXFileReference section */
		14263F58A558960B7EACBE2F /* Pods_Article_Summarizer.framework */ = {isa = PBXFileReference; explicitFileType = wrapper.framework; includeInIndex = 0; path = Pods_Article_Summarizer.framework; sourceTree = BUILT_PRODUCTS_DIR; };
		176FFCB94FCF6C879FDC0ED3 /* Pods.debug.xcconfig */ = {isa = PBXFileReference; includeInIndex = 1; lastKnownFileType = text.xcconfig; name = Pods.debug.xcconfig; path = "Pods/Target Support Files/Pods/Pods.debug.xcconfig"; sourceTree = "<group>"; };
		38F1F41E92839A89CF0D9373 /* Pods.release.xcconfig */ = {isa = PBXFileReference; includeInIndex = 1; lastKnownFileType = text.xcconfig; name = Pods.release.xcconfig; path = "Pods/Target Support Files/Pods/Pods.release.xcconfig"; sourceTree = "<group>"; };
		501757E8F29B255673F64419 /* Pods_Article_SummarizerTests.framework */ = {isa = PBXFileReference; explicitFileType = wrapper.framework; includeInIndex = 0; path = Pods_Article_SummarizerTests.framework; sourceTree = BUILT_PRODUCTS_DIR; };
		8703C3F21C9CC4F100740257 /* AylienSummarizerClient.swift */ = {isa = PBXFileReference; fileEncoding = 4; lastKnownFileType = sourcecode.swift; path = AylienSummarizerClient.swift; sourceTree = "<group>"; };
		874A67601C9B48F100A150F3 /* Xcode.app */ = {isa = PBXFileReference; lastKnownFileType = wrapper.application; name = Xcode.app; path = ../../../../../Applications/Xcode.app; sourceTree = "<group>"; };
		874A67631C9B4B0E00A150F3 /* libz.tbd */ = {isa = PBXFileReference; lastKnownFileType = "sourcecode.text-based-dylib-definition"; name = libz.tbd; path = usr/lib/libz.tbd; sourceTree = SDKROOT; };
		87798B141C9E5D6C000FC2C9 /* LoadingController.swift */ = {isa = PBXFileReference; fileEncoding = 4; lastKnownFileType = sourcecode.swift; path = LoadingController.swift; sourceTree = "<group>"; };
		87A4AE201C9354CB000D5E4A /* Article Summarizer.app */ = {isa = PBXFileReference; explicitFileType = wrapper.application; includeInIndex = 0; path = "Article Summarizer.app"; sourceTree = BUILT_PRODUCTS_DIR; };
		87A4AE231C9354CB000D5E4A /* AppDelegate.swift */ = {isa = PBXFileReference; lastKnownFileType = sourcecode.swift; path = AppDelegate.swift; sourceTree = "<group>"; };
		87A4AE251C9354CB000D5E4A /* SummaryController.swift */ = {isa = PBXFileReference; lastKnownFileType = sourcecode.swift; path = SummaryController.swift; sourceTree = "<group>"; };
		87A4AE281C9354CB000D5E4A /* Base */ = {isa = PBXFileReference; lastKnownFileType = file.storyboard; name = Base; path = Base.lproj/Main.storyboard; sourceTree = "<group>"; };
		87A4AE2A1C9354CB000D5E4A /* Assets.xcassets */ = {isa = PBXFileReference; lastKnownFileType = folder.assetcatalog; path = Assets.xcassets; sourceTree = "<group>"; };
		87A4AE2D1C9354CB000D5E4A /* Base */ = {isa = PBXFileReference; lastKnownFileType = file.storyboard; name = Base; path = Base.lproj/LaunchScreen.storyboard; sourceTree = "<group>"; };
		87A4AE2F1C9354CB000D5E4A /* Info.plist */ = {isa = PBXFileReference; lastKnownFileType = text.plist.xml; path = Info.plist; sourceTree = "<group>"; };
		87A4AE341C9354CB000D5E4A /* Article SummarizerTests.xctest */ = {isa = PBXFileReference; explicitFileType = wrapper.cfbundle; includeInIndex = 0; path = "Article SummarizerTests.xctest"; sourceTree = BUILT_PRODUCTS_DIR; };
		87A4AE381C9354CB000D5E4A /* Article_SummarizerTests.swift */ = {isa = PBXFileReference; lastKnownFileType = sourcecode.swift; path = Article_SummarizerTests.swift; sourceTree = "<group>"; };
		87A4AE3A1C9354CB000D5E4A /* Info.plist */ = {isa = PBXFileReference; lastKnownFileType = text.plist.xml; path = Info.plist; sourceTree = "<group>"; };
		87AC02841C93577000B26AAE /* Article Summarizer-Bridging-Header.h */ = {isa = PBXFileReference; lastKnownFileType = sourcecode.c.h; path = "Article Summarizer-Bridging-Header.h"; sourceTree = "<group>"; };
		87B5F9B41C9B7E2F0092D077 /* ASIAuthenticationDialog.h */ = {isa = PBXFileReference; fileEncoding = 4; lastKnownFileType = sourcecode.c.h; path = ASIAuthenticationDialog.h; sourceTree = "<group>"; };
		87B5F9B51C9B7E2F0092D077 /* ASIAuthenticationDialog.m */ = {isa = PBXFileReference; fileEncoding = 4; lastKnownFileType = sourcecode.c.objc; path = ASIAuthenticationDialog.m; sourceTree = "<group>"; };
		87B5F9B61C9B7E2F0092D077 /* ASICacheDelegate.h */ = {isa = PBXFileReference; fileEncoding = 4; lastKnownFileType = sourcecode.c.h; path = ASICacheDelegate.h; sourceTree = "<group>"; };
		87B5F9B71C9B7E2F0092D077 /* ASIDataCompressor.h */ = {isa = PBXFileReference; fileEncoding = 4; lastKnownFileType = sourcecode.c.h; path = ASIDataCompressor.h; sourceTree = "<group>"; };
		87B5F9B81C9B7E2F0092D077 /* ASIDataCompressor.m */ = {isa = PBXFileReference; fileEncoding = 4; lastKnownFileType = sourcecode.c.objc; path = ASIDataCompressor.m; sourceTree = "<group>"; };
		87B5F9B91C9B7E2F0092D077 /* ASIDataDecompressor.h */ = {isa = PBXFileReference; fileEncoding = 4; lastKnownFileType = sourcecode.c.h; path = ASIDataDecompressor.h; sourceTree = "<group>"; };
		87B5F9BA1C9B7E2F0092D077 /* ASIDataDecompressor.m */ = {isa = PBXFileReference; fileEncoding = 4; lastKnownFileType = sourcecode.c.objc; path = ASIDataDecompressor.m; sourceTree = "<group>"; };
		87B5F9BB1C9B7E2F0092D077 /* ASIDownloadCache.h */ = {isa = PBXFileReference; fileEncoding = 4; lastKnownFileType = sourcecode.c.h; path = ASIDownloadCache.h; sourceTree = "<group>"; };
		87B5F9BC1C9B7E2F0092D077 /* ASIDownloadCache.m */ = {isa = PBXFileReference; fileEncoding = 4; lastKnownFileType = sourcecode.c.objc; path = ASIDownloadCache.m; sourceTree = "<group>"; };
		87B5F9BD1C9B7E2F0092D077 /* ASIFormDataRequest.h */ = {isa = PBXFileReference; fileEncoding = 4; lastKnownFileType = sourcecode.c.h; path = ASIFormDataRequest.h; sourceTree = "<group>"; };
		87B5F9BE1C9B7E2F0092D077 /* ASIFormDataRequest.m */ = {isa = PBXFileReference; fileEncoding = 4; lastKnownFileType = sourcecode.c.objc; path = ASIFormDataRequest.m; sourceTree = "<group>"; };
		87B5F9BF1C9B7E2F0092D077 /* ASIHTTPRequest.h */ = {isa = PBXFileReference; fileEncoding = 4; lastKnownFileType = sourcecode.c.h; path = ASIHTTPRequest.h; sourceTree = "<group>"; };
		87B5F9C01C9B7E2F0092D077 /* ASIHTTPRequest.m */ = {isa = PBXFileReference; fileEncoding = 4; lastKnownFileType = sourcecode.c.objc; path = ASIHTTPRequest.m; sourceTree = "<group>"; };
		87B5F9C11C9B7E2F0092D077 /* ASIHTTPRequestConfig.h */ = {isa = PBXFileReference; fileEncoding = 4; lastKnownFileType = sourcecode.c.h; path = ASIHTTPRequestConfig.h; sourceTree = "<group>"; };
		87B5F9C21C9B7E2F0092D077 /* ASIHTTPRequestDelegate.h */ = {isa = PBXFileReference; fileEncoding = 4; lastKnownFileType = sourcecode.c.h; path = ASIHTTPRequestDelegate.h; sourceTree = "<group>"; };
		87B5F9C31C9B7E2F0092D077 /* ASIInputStream.h */ = {isa = PBXFileReference; fileEncoding = 4; lastKnownFileType = sourcecode.c.h; path = ASIInputStream.h; sourceTree = "<group>"; };
		87B5F9C41C9B7E2F0092D077 /* ASIInputStream.m */ = {isa = PBXFileReference; fileEncoding = 4; lastKnownFileType = sourcecode.c.objc; path = ASIInputStream.m; sourceTree = "<group>"; };
		87B5F9C51C9B7E2F0092D077 /* ASINetworkQueue.h */ = {isa = PBXFileReference; fileEncoding = 4; lastKnownFileType = sourcecode.c.h; path = ASINetworkQueue.h; sourceTree = "<group>"; };
		87B5F9C61C9B7E2F0092D077 /* ASINetworkQueue.m */ = {isa = PBXFileReference; fileEncoding = 4; lastKnownFileType = sourcecode.c.objc; path = ASINetworkQueue.m; sourceTree = "<group>"; };
		87B5F9C71C9B7E2F0092D077 /* ASIProgressDelegate.h */ = {isa = PBXFileReference; fileEncoding = 4; lastKnownFileType = sourcecode.c.h; path = ASIProgressDelegate.h; sourceTree = "<group>"; };
		87B5F9C81C9B7E2F0092D077 /* DiffbotAPIClient.h */ = {isa = PBXFileReference; fileEncoding = 4; lastKnownFileType = sourcecode.c.h; path = DiffbotAPIClient.h; sourceTree = "<group>"; };
		87B5F9C91C9B7E2F0092D077 /* DiffbotAPIClient.m */ = {isa = PBXFileReference; fileEncoding = 4; lastKnownFileType = sourcecode.c.objc; path = DiffbotAPIClient.m; sourceTree = "<group>"; };
		87B5F9CA1C9B7E2F0092D077 /* NSDictionary+Merge.h */ = {isa = PBXFileReference; fileEncoding = 4; lastKnownFileType = sourcecode.c.h; path = "NSDictionary+Merge.h"; sourceTree = "<group>"; };
		87B5F9CB1C9B7E2F0092D077 /* NSDictionary+Merge.m */ = {isa = PBXFileReference; fileEncoding = 4; lastKnownFileType = sourcecode.c.objc; path = "NSDictionary+Merge.m"; sourceTree = "<group>"; };
		87B5F9CC1C9B7E2F0092D077 /* Reachability.h */ = {isa = PBXFileReference; fileEncoding = 4; lastKnownFileType = sourcecode.c.h; path = Reachability.h; sourceTree = "<group>"; };
		87B5F9CD1C9B7E2F0092D077 /* Reachability.m */ = {isa = PBXFileReference; fileEncoding = 4; lastKnownFileType = sourcecode.c.objc; path = Reachability.m; sourceTree = "<group>"; };
		87D26D231C9F40D9000DE9E9 /* Article Summarizer.entitlements */ = {isa = PBXFileReference; lastKnownFileType = text.xml; path = "Article Summarizer.entitlements"; sourceTree = "<group>"; };
		87D26D281C9F431A000DE9E9 /* SummarizerExtension.appex */ = {isa = PBXFileReference; explicitFileType = "wrapper.app-extension"; includeInIndex = 0; path = SummarizerExtension.appex; sourceTree = BUILT_PRODUCTS_DIR; };
		87D26D2A1C9F431D000DE9E9 /* ActionViewController.swift */ = {isa = PBXFileReference; lastKnownFileType = sourcecode.swift; path = ActionViewController.swift; sourceTree = "<group>"; };
		87D26D2D1C9F431D000DE9E9 /* Base */ = {isa = PBXFileReference; lastKnownFileType = file.storyboard; name = Base; path = Base.lproj/MainInterface.storyboard; sourceTree = "<group>"; };
		87D26D2F1C9F431D000DE9E9 /* Info.plist */ = {isa = PBXFileReference; lastKnownFileType = text.plist.xml; path = Info.plist; sourceTree = "<group>"; };
		87D26D361C9F4330000DE9E9 /* SummarizerExtension.entitlements */ = {isa = PBXFileReference; lastKnownFileType = text.xml; path = SummarizerExtension.entitlements; sourceTree = "<group>"; };
		87D26D371C9F450A000DE9E9 /* GetURL.js */ = {isa = PBXFileReference; fileEncoding = 4; lastKnownFileType = sourcecode.javascript; path = GetURL.js; sourceTree = "<group>"; };
		87D26D391C9F470F000DE9E9 /* Pods_Article_Summarizer.framework */ = {isa = PBXFileReference; lastKnownFileType = wrapper.framework; name = Pods_Article_Summarizer.framework; path = "Pods/../build/Debug-iphoneos/Pods_Article_Summarizer.framework"; sourceTree = "<group>"; };
		87D26D3B1C9F474F000DE9E9 /* Pods_Article_SummarizerTests.framework */ = {isa = PBXFileReference; lastKnownFileType = wrapper.framework; name = Pods_Article_SummarizerTests.framework; path = "Pods/../build/Debug-iphoneos/Pods_Article_SummarizerTests.framework"; sourceTree = "<group>"; };
		87D26D3C1C9F4752000DE9E9 /* Pods.framework */ = {isa = PBXFileReference; lastKnownFileType = wrapper.framework; name = Pods.framework; path = "Pods/../build/Debug-iphoneos/Pods.framework"; sourceTree = "<group>"; };
		9E59A127F8490065A697921A /* Pods-Article SummarizerTests.release.xcconfig */ = {isa = PBXFileReference; includeInIndex = 1; lastKnownFileType = text.xcconfig; name = "Pods-Article SummarizerTests.release.xcconfig"; path = "Pods/Target Support Files/Pods-Article SummarizerTests/Pods-Article SummarizerTests.release.xcconfig"; sourceTree = "<group>"; };
		B5FCD0704C87A6D5A82ECDCF /* Pods.framework */ = {isa = PBXFileReference; explicitFileType = wrapper.framework; includeInIndex = 0; path = Pods.framework; sourceTree = BUILT_PRODUCTS_DIR; };
		EFD0144275E9B1BADD7D70A8 /* Pods-Article SummarizerTests.debug.xcconfig */ = {isa = PBXFileReference; includeInIndex = 1; lastKnownFileType = text.xcconfig; name = "Pods-Article SummarizerTests.debug.xcconfig"; path = "Pods/Target Support Files/Pods-Article SummarizerTests/Pods-Article SummarizerTests.debug.xcconfig"; sourceTree = "<group>"; };
/* End PBXFileReference section */

/* Begin PBXFrameworksBuildPhase section */
		87A4AE1D1C9354CB000D5E4A /* Frameworks */ = {
			isa = PBXFrameworksBuildPhase;
			buildActionMask = 2147483647;
			files = (
				874A67641C9B4B0F00A150F3 /* libz.tbd in Frameworks */,
				17B891BAC378E79C8F1DE5AB /* Pods.framework in Frameworks */,
				AA5EBCD8CF317D32A4474905 /* Pods_Article_Summarizer.framework in Frameworks */,
			);
			runOnlyForDeploymentPostprocessing = 0;
		};
		87A4AE311C9354CB000D5E4A /* Frameworks */ = {
			isa = PBXFrameworksBuildPhase;
			buildActionMask = 2147483647;
			files = (
				38B8B5582D73BC8F313465D9 /* Pods_Article_SummarizerTests.framework in Frameworks */,
			);
			runOnlyForDeploymentPostprocessing = 0;
		};
		87D26D251C9F431A000DE9E9 /* Frameworks */ = {
			isa = PBXFrameworksBuildPhase;
			buildActionMask = 2147483647;
			files = (
				87D26D3D1C9F4755000DE9E9 /* Pods_Article_SummarizerTests.framework in Frameworks */,
				87D26D3E1C9F4755000DE9E9 /* Pods.framework in Frameworks */,
				87D26D3A1C9F4712000DE9E9 /* Pods_Article_Summarizer.framework in Frameworks */,
			);
			runOnlyForDeploymentPostprocessing = 0;
		};
/* End PBXFrameworksBuildPhase section */

/* Begin PBXGroup section */
		8703C3F11C9CC4F100740257 /* AylienSummarizerClient */ = {
			isa = PBXGroup;
			children = (
				8703C3F21C9CC4F100740257 /* AylienSummarizerClient.swift */,
			);
			path = AylienSummarizerClient;
			sourceTree = "<group>";
		};
		87A4AE171C9354CB000D5E4A = {
			isa = PBXGroup;
			children = (
				87A4AE221C9354CB000D5E4A /* Article Summarizer */,
				87A4AE371C9354CB000D5E4A /* Article SummarizerTests */,
				87D26D291C9F431A000DE9E9 /* SummarizerExtension */,
				87A4AE211C9354CB000D5E4A /* Products */,
				C6613FFC52C9560B4B39AA12 /* Pods */,
				B4A495456C939AD2759E5AC5 /* Frameworks */,
			);
			sourceTree = "<group>";
		};
		87A4AE211C9354CB000D5E4A /* Products */ = {
			isa = PBXGroup;
			children = (
				87A4AE201C9354CB000D5E4A /* Article Summarizer.app */,
				87A4AE341C9354CB000D5E4A /* Article SummarizerTests.xctest */,
				87D26D281C9F431A000DE9E9 /* SummarizerExtension.appex */,
			);
			name = Products;
			sourceTree = "<group>";
		};
		87A4AE221C9354CB000D5E4A /* Article Summarizer */ = {
			isa = PBXGroup;
			children = (
				87D26D231C9F40D9000DE9E9 /* Article Summarizer.entitlements */,
				8703C3F11C9CC4F100740257 /* AylienSummarizerClient */,
				87B5F9B21C9B7E2F0092D077 /* DiffbotAPIClient */,
				87A4AE231C9354CB000D5E4A /* AppDelegate.swift */,
				87798B141C9E5D6C000FC2C9 /* LoadingController.swift */,
				87A4AE251C9354CB000D5E4A /* SummaryController.swift */,
				87A4AE271C9354CB000D5E4A /* Main.storyboard */,
				87A4AE2A1C9354CB000D5E4A /* Assets.xcassets */,
				87A4AE2C1C9354CB000D5E4A /* LaunchScreen.storyboard */,
				87A4AE2F1C9354CB000D5E4A /* Info.plist */,
				87AC02841C93577000B26AAE /* Article Summarizer-Bridging-Header.h */,
			);
			path = "Article Summarizer";
			sourceTree = "<group>";
		};
		87A4AE371C9354CB000D5E4A /* Article SummarizerTests */ = {
			isa = PBXGroup;
			children = (
				87A4AE381C9354CB000D5E4A /* Article_SummarizerTests.swift */,
				87A4AE3A1C9354CB000D5E4A /* Info.plist */,
			);
			path = "Article SummarizerTests";
			sourceTree = "<group>";
		};
		87B5F9B21C9B7E2F0092D077 /* DiffbotAPIClient */ = {
			isa = PBXGroup;
			children = (
				87B5F9B31C9B7E2F0092D077 /* ASIHTTPRequest */,
				87B5F9C81C9B7E2F0092D077 /* DiffbotAPIClient.h */,
				87B5F9C91C9B7E2F0092D077 /* DiffbotAPIClient.m */,
				87B5F9CA1C9B7E2F0092D077 /* NSDictionary+Merge.h */,
				87B5F9CB1C9B7E2F0092D077 /* NSDictionary+Merge.m */,
				87B5F9CC1C9B7E2F0092D077 /* Reachability.h */,
				87B5F9CD1C9B7E2F0092D077 /* Reachability.m */,
			);
			path = DiffbotAPIClient;
			sourceTree = "<group>";
		};
		87B5F9B31C9B7E2F0092D077 /* ASIHTTPRequest */ = {
			isa = PBXGroup;
			children = (
				87B5F9B41C9B7E2F0092D077 /* ASIAuthenticationDialog.h */,
				87B5F9B51C9B7E2F0092D077 /* ASIAuthenticationDialog.m */,
				87B5F9B61C9B7E2F0092D077 /* ASICacheDelegate.h */,
				87B5F9B71C9B7E2F0092D077 /* ASIDataCompressor.h */,
				87B5F9B81C9B7E2F0092D077 /* ASIDataCompressor.m */,
				87B5F9B91C9B7E2F0092D077 /* ASIDataDecompressor.h */,
				87B5F9BA1C9B7E2F0092D077 /* ASIDataDecompressor.m */,
				87B5F9BB1C9B7E2F0092D077 /* ASIDownloadCache.h */,
				87B5F9BC1C9B7E2F0092D077 /* ASIDownloadCache.m */,
				87B5F9BD1C9B7E2F0092D077 /* ASIFormDataRequest.h */,
				87B5F9BE1C9B7E2F0092D077 /* ASIFormDataRequest.m */,
				87B5F9BF1C9B7E2F0092D077 /* ASIHTTPRequest.h */,
				87B5F9C01C9B7E2F0092D077 /* ASIHTTPRequest.m */,
				87B5F9C11C9B7E2F0092D077 /* ASIHTTPRequestConfig.h */,
				87B5F9C21C9B7E2F0092D077 /* ASIHTTPRequestDelegate.h */,
				87B5F9C31C9B7E2F0092D077 /* ASIInputStream.h */,
				87B5F9C41C9B7E2F0092D077 /* ASIInputStream.m */,
				87B5F9C51C9B7E2F0092D077 /* ASINetworkQueue.h */,
				87B5F9C61C9B7E2F0092D077 /* ASINetworkQueue.m */,
				87B5F9C71C9B7E2F0092D077 /* ASIProgressDelegate.h */,
			);
			path = ASIHTTPRequest;
			sourceTree = "<group>";
		};
		87D26D291C9F431A000DE9E9 /* SummarizerExtension */ = {
			isa = PBXGroup;
			children = (
				87D26D361C9F4330000DE9E9 /* SummarizerExtension.entitlements */,
				87D26D2A1C9F431D000DE9E9 /* ActionViewController.swift */,
				87D26D2C1C9F431D000DE9E9 /* MainInterface.storyboard */,
				87D26D2F1C9F431D000DE9E9 /* Info.plist */,
				87D26D371C9F450A000DE9E9 /* GetURL.js */,
			);
			path = SummarizerExtension;
			sourceTree = "<group>";
		};
		B4A495456C939AD2759E5AC5 /* Frameworks */ = {
			isa = PBXGroup;
			children = (
				87D26D3B1C9F474F000DE9E9 /* Pods_Article_SummarizerTests.framework */,
				87D26D3C1C9F4752000DE9E9 /* Pods.framework */,
				87D26D391C9F470F000DE9E9 /* Pods_Article_Summarizer.framework */,
				874A67631C9B4B0E00A150F3 /* libz.tbd */,
				874A67601C9B48F100A150F3 /* Xcode.app */,
				B5FCD0704C87A6D5A82ECDCF /* Pods.framework */,
				14263F58A558960B7EACBE2F /* Pods_Article_Summarizer.framework */,
				501757E8F29B255673F64419 /* Pods_Article_SummarizerTests.framework */,
			);
			name = Frameworks;
			sourceTree = "<group>";
		};
		C6613FFC52C9560B4B39AA12 /* Pods */ = {
			isa = PBXGroup;
			children = (
				176FFCB94FCF6C879FDC0ED3 /* Pods.debug.xcconfig */,
				38F1F41E92839A89CF0D9373 /* Pods.release.xcconfig */,
				EFD0144275E9B1BADD7D70A8 /* Pods-Article SummarizerTests.debug.xcconfig */,
				9E59A127F8490065A697921A /* Pods-Article SummarizerTests.release.xcconfig */,
			);
			name = Pods;
			sourceTree = "<group>";
		};
/* End PBXGroup section */

/* Begin PBXNativeTarget section */
		87A4AE1F1C9354CB000D5E4A /* Article Summarizer */ = {
			isa = PBXNativeTarget;
			buildConfigurationList = 87A4AE3D1C9354CB000D5E4A /* Build configuration list for PBXNativeTarget "Article Summarizer" */;
			buildPhases = (
				C1038B64BEBEBCE27552513E /* Check Pods Manifest.lock */,
				87A4AE1C1C9354CB000D5E4A /* Sources */,
				87A4AE1D1C9354CB000D5E4A /* Frameworks */,
				87A4AE1E1C9354CB000D5E4A /* Resources */,
				518E7A7D3729FD37FC3C42A1 /* Embed Pods Frameworks */,
				1056B0E6EEF357A686995ADD /* Copy Pods Resources */,
				87D26D1E1C9F3E96000DE9E9 /* Embed App Extensions */,
			);
			buildRules = (
			);
			dependencies = (
				87D26D311C9F431D000DE9E9 /* PBXTargetDependency */,
			);
			name = "Article Summarizer";
			productName = "Article Summarizer";
			productReference = 87A4AE201C9354CB000D5E4A /* Article Summarizer.app */;
			productType = "com.apple.product-type.application";
		};
		87A4AE331C9354CB000D5E4A /* Article SummarizerTests */ = {
			isa = PBXNativeTarget;
			buildConfigurationList = 87A4AE401C9354CB000D5E4A /* Build configuration list for PBXNativeTarget "Article SummarizerTests" */;
			buildPhases = (
				F67B0A0042FD84B36D0096EA /* Check Pods Manifest.lock */,
				87A4AE301C9354CB000D5E4A /* Sources */,
				87A4AE311C9354CB000D5E4A /* Frameworks */,
				87A4AE321C9354CB000D5E4A /* Resources */,
				ADBA0E40990FBAA471002E07 /* Embed Pods Frameworks */,
				2DEF61140BD8F9B0AA5A559F /* Copy Pods Resources */,
			);
			buildRules = (
			);
			dependencies = (
				87A4AE361C9354CB000D5E4A /* PBXTargetDependency */,
			);
			name = "Article SummarizerTests";
			productName = "Article SummarizerTests";
			productReference = 87A4AE341C9354CB000D5E4A /* Article SummarizerTests.xctest */;
			productType = "com.apple.product-type.bundle.unit-test";
		};
		87D26D271C9F431A000DE9E9 /* SummarizerExtension */ = {
			isa = PBXNativeTarget;
			buildConfigurationList = 87D26D331C9F431D000DE9E9 /* Build configuration list for PBXNativeTarget "SummarizerExtension" */;
			buildPhases = (
				87D26D241C9F431A000DE9E9 /* Sources */,
				87D26D251C9F431A000DE9E9 /* Frameworks */,
				87D26D261C9F431A000DE9E9 /* Resources */,
			);
			buildRules = (
			);
			dependencies = (
			);
			name = SummarizerExtension;
			productName = SummarizerExtension;
			productReference = 87D26D281C9F431A000DE9E9 /* SummarizerExtension.appex */;
			productType = "com.apple.product-type.app-extension";
		};
/* End PBXNativeTarget section */

/* Begin PBXProject section */
		87A4AE181C9354CB000D5E4A /* Project object */ = {
			isa = PBXProject;
			attributes = {
				LastSwiftUpdateCheck = 0720;
				LastUpgradeCheck = 0720;
				ORGANIZATIONNAME = "Sahaj Bhatt";
				TargetAttributes = {
					87A4AE1F1C9354CB000D5E4A = {
						CreatedOnToolsVersion = 7.2.1;
						DevelopmentTeam = U9X42PLV7V;
						SystemCapabilities = {
							com.apple.ApplicationGroups.iOS = {
								enabled = 1;
							};
						};
					};
					87A4AE331C9354CB000D5E4A = {
						CreatedOnToolsVersion = 7.2.1;
						DevelopmentTeam = U9X42PLV7V;
						TestTargetID = 87A4AE1F1C9354CB000D5E4A;
					};
					87D26D271C9F431A000DE9E9 = {
						CreatedOnToolsVersion = 7.2.1;
						DevelopmentTeam = U9X42PLV7V;
						SystemCapabilities = {
							com.apple.ApplicationGroups.iOS = {
								enabled = 1;
							};
						};
					};
				};
			};
			buildConfigurationList = 87A4AE1B1C9354CB000D5E4A /* Build configuration list for PBXProject "Article Summarizer" */;
			compatibilityVersion = "Xcode 3.2";
			developmentRegion = English;
			hasScannedForEncodings = 0;
			knownRegions = (
				en,
				Base,
			);
			mainGroup = 87A4AE171C9354CB000D5E4A;
			productRefGroup = 87A4AE211C9354CB000D5E4A /* Products */;
			projectDirPath = "";
			projectRoot = "";
			targets = (
				87A4AE1F1C9354CB000D5E4A /* Article Summarizer */,
				87A4AE331C9354CB000D5E4A /* Article SummarizerTests */,
				87D26D271C9F431A000DE9E9 /* SummarizerExtension */,
			);
		};
/* End PBXProject section */

/* Begin PBXResourcesBuildPhase section */
		87A4AE1E1C9354CB000D5E4A /* Resources */ = {
			isa = PBXResourcesBuildPhase;
			buildActionMask = 2147483647;
			files = (
				87A4AE2E1C9354CB000D5E4A /* LaunchScreen.storyboard in Resources */,
				87A4AE2B1C9354CB000D5E4A /* Assets.xcassets in Resources */,
				87A4AE291C9354CB000D5E4A /* Main.storyboard in Resources */,
			);
			runOnlyForDeploymentPostprocessing = 0;
		};
		87A4AE321C9354CB000D5E4A /* Resources */ = {
			isa = PBXResourcesBuildPhase;
			buildActionMask = 2147483647;
			files = (
			);
			runOnlyForDeploymentPostprocessing = 0;
		};
		87D26D261C9F431A000DE9E9 /* Resources */ = {
			isa = PBXResourcesBuildPhase;
			buildActionMask = 2147483647;
			files = (
				87D26D2E1C9F431D000DE9E9 /* MainInterface.storyboard in Resources */,
				87D26D381C9F450A000DE9E9 /* GetURL.js in Resources */,
			);
			runOnlyForDeploymentPostprocessing = 0;
		};
/* End PBXResourcesBuildPhase section */

/* Begin PBXShellScriptBuildPhase section */
		1056B0E6EEF357A686995ADD /* Copy Pods Resources */ = {
			isa = PBXShellScriptBuildPhase;
			buildActionMask = 2147483647;
			files = (
			);
			inputPaths = (
			);
			name = "Copy Pods Resources";
			outputPaths = (
			);
			runOnlyForDeploymentPostprocessing = 0;
			shellPath = /bin/sh;
			shellScript = "\"${SRCROOT}/Pods/Target Support Files/Pods-Article Summarizer/Pods-Article Summarizer-resources.sh\"\n";
			showEnvVarsInLog = 0;
		};
		2DEF61140BD8F9B0AA5A559F /* Copy Pods Resources */ = {
			isa = PBXShellScriptBuildPhase;
			buildActionMask = 2147483647;
			files = (
			);
			inputPaths = (
			);
			name = "Copy Pods Resources";
			outputPaths = (
			);
			runOnlyForDeploymentPostprocessing = 0;
			shellPath = /bin/sh;
			shellScript = "\"${SRCROOT}/Pods/Target Support Files/Pods-Article SummarizerTests/Pods-Article SummarizerTests-resources.sh\"\n";
			showEnvVarsInLog = 0;
		};
		518E7A7D3729FD37FC3C42A1 /* Embed Pods Frameworks */ = {
			isa = PBXShellScriptBuildPhase;
			buildActionMask = 2147483647;
			files = (
			);
			inputPaths = (
			);
			name = "Embed Pods Frameworks";
			outputPaths = (
			);
			runOnlyForDeploymentPostprocessing = 0;
			shellPath = /bin/sh;
			shellScript = "\"${SRCROOT}/Pods/Target Support Files/Pods-Article Summarizer/Pods-Article Summarizer-frameworks.sh\"\n";
			showEnvVarsInLog = 0;
		};
		ADBA0E40990FBAA471002E07 /* Embed Pods Frameworks */ = {
			isa = PBXShellScriptBuildPhase;
			buildActionMask = 2147483647;
			files = (
			);
			inputPaths = (
			);
			name = "Embed Pods Frameworks";
			outputPaths = (
			);
			runOnlyForDeploymentPostprocessing = 0;
			shellPath = /bin/sh;
			shellScript = "\"${SRCROOT}/Pods/Target Support Files/Pods-Article SummarizerTests/Pods-Article SummarizerTests-frameworks.sh\"\n";
			showEnvVarsInLog = 0;
		};
		C1038B64BEBEBCE27552513E /* Check Pods Manifest.lock */ = {
			isa = PBXShellScriptBuildPhase;
			buildActionMask = 2147483647;
			files = (
			);
			inputPaths = (
			);
			name = "Check Pods Manifest.lock";
			outputPaths = (
			);
			runOnlyForDeploymentPostprocessing = 0;
			shellPath = /bin/sh;
			shellScript = "diff \"${PODS_ROOT}/../Podfile.lock\" \"${PODS_ROOT}/Manifest.lock\" > /dev/null\nif [[ $? != 0 ]] ; then\n    cat << EOM\nerror: The sandbox is not in sync with the Podfile.lock. Run 'pod install' or update your CocoaPods installation.\nEOM\n    exit 1\nfi\n";
			showEnvVarsInLog = 0;
		};
		F67B0A0042FD84B36D0096EA /* Check Pods Manifest.lock */ = {
			isa = PBXShellScriptBuildPhase;
			buildActionMask = 2147483647;
			files = (
			);
			inputPaths = (
			);
			name = "Check Pods Manifest.lock";
			outputPaths = (
			);
			runOnlyForDeploymentPostprocessing = 0;
			shellPath = /bin/sh;
			shellScript = "diff \"${PODS_ROOT}/../Podfile.lock\" \"${PODS_ROOT}/Manifest.lock\" > /dev/null\nif [[ $? != 0 ]] ; then\n    cat << EOM\nerror: The sandbox is not in sync with the Podfile.lock. Run 'pod install' or update your CocoaPods installation.\nEOM\n    exit 1\nfi\n";
			showEnvVarsInLog = 0;
		};
/* End PBXShellScriptBuildPhase section */

/* Begin PBXSourcesBuildPhase section */
		87A4AE1C1C9354CB000D5E4A /* Sources */ = {
			isa = PBXSourcesBuildPhase;
			buildActionMask = 2147483647;
			files = (
				87B5F9D81C9B7E2F0092D077 /* Reachability.m in Sources */,
				87B5F9D21C9B7E2F0092D077 /* ASIFormDataRequest.m in Sources */,
				87B5F9D31C9B7E2F0092D077 /* ASIHTTPRequest.m in Sources */,
				87A4AE261C9354CB000D5E4A /* SummaryController.swift in Sources */,
				87B5F9CE1C9B7E2F0092D077 /* ASIAuthenticationDialog.m in Sources */,
				87B5F9D51C9B7E2F0092D077 /* ASINetworkQueue.m in Sources */,
				87B5F9D11C9B7E2F0092D077 /* ASIDownloadCache.m in Sources */,
				87B5F9D41C9B7E2F0092D077 /* ASIInputStream.m in Sources */,
				87B5F9D61C9B7E2F0092D077 /* DiffbotAPIClient.m in Sources */,
				87798B151C9E5D6C000FC2C9 /* LoadingController.swift in Sources */,
				8703C3F31C9CC4F100740257 /* AylienSummarizerClient.swift in Sources */,
				87B5F9CF1C9B7E2F0092D077 /* ASIDataCompressor.m in Sources */,
				87B5F9D71C9B7E2F0092D077 /* NSDictionary+Merge.m in Sources */,
				87A4AE241C9354CB000D5E4A /* AppDelegate.swift in Sources */,
				87B5F9D01C9B7E2F0092D077 /* ASIDataDecompressor.m in Sources */,
			);
			runOnlyForDeploymentPostprocessing = 0;
		};
		87A4AE301C9354CB000D5E4A /* Sources */ = {
			isa = PBXSourcesBuildPhase;
			buildActionMask = 2147483647;
			files = (
				87A4AE391C9354CB000D5E4A /* Article_SummarizerTests.swift in Sources */,
			);
			runOnlyForDeploymentPostprocessing = 0;
		};
		87D26D241C9F431A000DE9E9 /* Sources */ = {
			isa = PBXSourcesBuildPhase;
			buildActionMask = 2147483647;
			files = (
				87D26D2B1C9F431D000DE9E9 /* ActionViewController.swift in Sources */,
			);
			runOnlyForDeploymentPostprocessing = 0;
		};
/* End PBXSourcesBuildPhase section */

/* Begin PBXTargetDependency section */
		87A4AE361C9354CB000D5E4A /* PBXTargetDependency */ = {
			isa = PBXTargetDependency;
			target = 87A4AE1F1C9354CB000D5E4A /* Article Summarizer */;
			targetProxy = 87A4AE351C9354CB000D5E4A /* PBXContainerItemProxy */;
		};
		87D26D311C9F431D000DE9E9 /* PBXTargetDependency */ = {
			isa = PBXTargetDependency;
			target = 87D26D271C9F431A000DE9E9 /* SummarizerExtension */;
			targetProxy = 87D26D301C9F431D000DE9E9 /* PBXContainerItemProxy */;
		};
/* End PBXTargetDependency section */

/* Begin PBXVariantGroup section */
		87A4AE271C9354CB000D5E4A /* Main.storyboard */ = {
			isa = PBXVariantGroup;
			children = (
				87A4AE281C9354CB000D5E4A /* Base */,
			);
			name = Main.storyboard;
			sourceTree = "<group>";
		};
		87A4AE2C1C9354CB000D5E4A /* LaunchScreen.storyboard */ = {
			isa = PBXVariantGroup;
			children = (
				87A4AE2D1C9354CB000D5E4A /* Base */,
			);
			name = LaunchScreen.storyboard;
			sourceTree = "<group>";
		};
		87D26D2C1C9F431D000DE9E9 /* MainInterface.storyboard */ = {
			isa = PBXVariantGroup;
			children = (
				87D26D2D1C9F431D000DE9E9 /* Base */,
			);
			name = MainInterface.storyboard;
			sourceTree = "<group>";
		};
/* End PBXVariantGroup section */

/* Begin XCBuildConfiguration section */
		87A4AE3B1C9354CB000D5E4A /* Debug */ = {
			isa = XCBuildConfiguration;
			buildSettings = {
				ALWAYS_SEARCH_USER_PATHS = NO;
				CLANG_CXX_LANGUAGE_STANDARD = "gnu++0x";
				CLANG_CXX_LIBRARY = "libc++";
				CLANG_ENABLE_MODULES = YES;
				CLANG_ENABLE_OBJC_ARC = YES;
				CLANG_WARN_BOOL_CONVERSION = YES;
				CLANG_WARN_CONSTANT_CONVERSION = YES;
				CLANG_WARN_DIRECT_OBJC_ISA_USAGE = YES_ERROR;
				CLANG_WARN_EMPTY_BODY = YES;
				CLANG_WARN_ENUM_CONVERSION = YES;
				CLANG_WARN_INT_CONVERSION = YES;
				CLANG_WARN_OBJC_ROOT_CLASS = YES_ERROR;
				CLANG_WARN_UNREACHABLE_CODE = YES;
				CLANG_WARN__DUPLICATE_METHOD_MATCH = YES;
				"CODE_SIGN_IDENTITY[sdk=iphoneos*]" = "iPhone Developer";
				COPY_PHASE_STRIP = NO;
				DEBUG_INFORMATION_FORMAT = dwarf;
				ENABLE_STRICT_OBJC_MSGSEND = YES;
				ENABLE_TESTABILITY = YES;
				GCC_C_LANGUAGE_STANDARD = gnu99;
				GCC_DYNAMIC_NO_PIC = NO;
				GCC_NO_COMMON_BLOCKS = YES;
				GCC_OPTIMIZATION_LEVEL = 0;
				GCC_PREPROCESSOR_DEFINITIONS = (
					"DEBUG=1",
					"$(inherited)",
				);
				GCC_WARN_64_TO_32_BIT_CONVERSION = YES;
				GCC_WARN_ABOUT_RETURN_TYPE = YES_ERROR;
				GCC_WARN_UNDECLARED_SELECTOR = YES;
				GCC_WARN_UNINITIALIZED_AUTOS = YES_AGGRESSIVE;
				GCC_WARN_UNUSED_FUNCTION = YES;
				GCC_WARN_UNUSED_VARIABLE = YES;
				IPHONEOS_DEPLOYMENT_TARGET = 9.2;
				MTL_ENABLE_DEBUG_INFO = YES;
				ONLY_ACTIVE_ARCH = YES;
				SDKROOT = iphoneos;
				SWIFT_OPTIMIZATION_LEVEL = "-Onone";
				TARGETED_DEVICE_FAMILY = "1,2";
			};
			name = Debug;
		};
		87A4AE3C1C9354CB000D5E4A /* Release */ = {
			isa = XCBuildConfiguration;
			buildSettings = {
				ALWAYS_SEARCH_USER_PATHS = NO;
				CLANG_CXX_LANGUAGE_STANDARD = "gnu++0x";
				CLANG_CXX_LIBRARY = "libc++";
				CLANG_ENABLE_MODULES = YES;
				CLANG_ENABLE_OBJC_ARC = YES;
				CLANG_WARN_BOOL_CONVERSION = YES;
				CLANG_WARN_CONSTANT_CONVERSION = YES;
				CLANG_WARN_DIRECT_OBJC_ISA_USAGE = YES_ERROR;
				CLANG_WARN_EMPTY_BODY = YES;
				CLANG_WARN_ENUM_CONVERSION = YES;
				CLANG_WARN_INT_CONVERSION = YES;
				CLANG_WARN_OBJC_ROOT_CLASS = YES_ERROR;
				CLANG_WARN_UNREACHABLE_CODE = YES;
				CLANG_WARN__DUPLICATE_METHOD_MATCH = YES;
				"CODE_SIGN_IDENTITY[sdk=iphoneos*]" = "iPhone Developer";
				COPY_PHASE_STRIP = NO;
				DEBUG_INFORMATION_FORMAT = "dwarf-with-dsym";
				ENABLE_NS_ASSERTIONS = NO;
				ENABLE_STRICT_OBJC_MSGSEND = YES;
				GCC_C_LANGUAGE_STANDARD = gnu99;
				GCC_NO_COMMON_BLOCKS = YES;
				GCC_WARN_64_TO_32_BIT_CONVERSION = YES;
				GCC_WARN_ABOUT_RETURN_TYPE = YES_ERROR;
				GCC_WARN_UNDECLARED_SELECTOR = YES;
				GCC_WARN_UNINITIALIZED_AUTOS = YES_AGGRESSIVE;
				GCC_WARN_UNUSED_FUNCTION = YES;
				GCC_WARN_UNUSED_VARIABLE = YES;
				IPHONEOS_DEPLOYMENT_TARGET = 9.2;
				MTL_ENABLE_DEBUG_INFO = NO;
				SDKROOT = iphoneos;
				TARGETED_DEVICE_FAMILY = "1,2";
				VALIDATE_PRODUCT = YES;
			};
			name = Release;
		};
		87A4AE3E1C9354CB000D5E4A /* Debug */ = {
			isa = XCBuildConfiguration;
			baseConfigurationReference = 176FFCB94FCF6C879FDC0ED3 /* Pods.debug.xcconfig */;
			buildSettings = {
				ASSETCATALOG_COMPILER_APPICON_NAME = AppIcon;
				CLANG_ENABLE_MODULES = YES;
				CODE_SIGN_ENTITLEMENTS = "Article Summarizer/Article Summarizer.entitlements";
				CODE_SIGN_IDENTITY = "iPhone Developer";
				"CODE_SIGN_IDENTITY[sdk=iphoneos*]" = "iPhone Developer";
				EMBEDDED_CONTENT_CONTAINS_SWIFT = YES;
				INFOPLIST_FILE = "Article Summarizer/Info.plist";
				LD_RUNPATH_SEARCH_PATHS = "$(inherited) @executable_path/Frameworks";
				PRODUCT_BUNDLE_IDENTIFIER = "com.sahajbhatt.Article-Summarizer";
				PRODUCT_NAME = "$(TARGET_NAME)";
				PROVISIONING_PROFILE = "";
				SWIFT_OBJC_BRIDGING_HEADER = "Article Summarizer/Article Summarizer-Bridging-Header.h";
				SWIFT_OPTIMIZATION_LEVEL = "-Onone";
			};
			name = Debug;
		};
		87A4AE3F1C9354CB000D5E4A /* Release */ = {
			isa = XCBuildConfiguration;
			baseConfigurationReference = 38F1F41E92839A89CF0D9373 /* Pods.release.xcconfig */;
			buildSettings = {
				ASSETCATALOG_COMPILER_APPICON_NAME = AppIcon;
				CLANG_ENABLE_MODULES = YES;
				CODE_SIGN_ENTITLEMENTS = "Article Summarizer/Article Summarizer.entitlements";
				CODE_SIGN_IDENTITY = "iPhone Developer";
				"CODE_SIGN_IDENTITY[sdk=iphoneos*]" = "iPhone Developer";
				EMBEDDED_CONTENT_CONTAINS_SWIFT = YES;
				INFOPLIST_FILE = "Article Summarizer/Info.plist";
				LD_RUNPATH_SEARCH_PATHS = "$(inherited) @executable_path/Frameworks";
				PRODUCT_BUNDLE_IDENTIFIER = "com.sahajbhatt.Article-Summarizer";
				PRODUCT_NAME = "$(TARGET_NAME)";
				PROVISIONING_PROFILE = "";
				SWIFT_OBJC_BRIDGING_HEADER = "Article Summarizer/Article Summarizer-Bridging-Header.h";
			};
			name = Release;
		};
		87A4AE411C9354CB000D5E4A /* Debug */ = {
			isa = XCBuildConfiguration;
			baseConfigurationReference = EFD0144275E9B1BADD7D70A8 /* Pods-Article SummarizerTests.debug.xcconfig */;
			buildSettings = {
				BUNDLE_LOADER = "$(TEST_HOST)";
				INFOPLIST_FILE = "Article SummarizerTests/Info.plist";
				LD_RUNPATH_SEARCH_PATHS = "$(inherited) @executable_path/Frameworks @loader_path/Frameworks";
				PRODUCT_BUNDLE_IDENTIFIER = "com.sahajbhatt.Article-SummarizerTests";
				PRODUCT_NAME = "$(TARGET_NAME)";
				TEST_HOST = "$(BUILT_PRODUCTS_DIR)/Article Summarizer.app/Article Summarizer";
			};
			name = Debug;
		};
		87A4AE421C9354CB000D5E4A /* Release */ = {
			isa = XCBuildConfiguration;
			baseConfigurationReference = 9E59A127F8490065A697921A /* Pods-Article SummarizerTests.release.xcconfig */;
			buildSettings = {
				BUNDLE_LOADER = "$(TEST_HOST)";
				INFOPLIST_FILE = "Article SummarizerTests/Info.plist";
				LD_RUNPATH_SEARCH_PATHS = "$(inherited) @executable_path/Frameworks @loader_path/Frameworks";
				PRODUCT_BUNDLE_IDENTIFIER = "com.sahajbhatt.Article-SummarizerTests";
				PRODUCT_NAME = "$(TARGET_NAME)";
				TEST_HOST = "$(BUILT_PRODUCTS_DIR)/Article Summarizer.app/Article Summarizer";
			};
			name = Release;
		};
		87D26D341C9F431D000DE9E9 /* Debug */ = {
			isa = XCBuildConfiguration;
			buildSettings = {
				CODE_SIGN_ENTITLEMENTS = SummarizerExtension/SummarizerExtension.entitlements;
				CODE_SIGN_IDENTITY = "iPhone Developer";
				"CODE_SIGN_IDENTITY[sdk=iphoneos*]" = "iPhone Developer";
				FRAMEWORK_SEARCH_PATHS = (
					"$(inherited)",
					"$(PROJECT_DIR)/build/Debug-iphoneos",
				);
				INFOPLIST_FILE = SummarizerExtension/Info.plist;
				LD_RUNPATH_SEARCH_PATHS = "$(inherited) @executable_path/Frameworks @executable_path/../../Frameworks";
				PRODUCT_BUNDLE_IDENTIFIER = "com.sahajbhatt.Article-Summarizer.SummarizerExtension";
				PRODUCT_NAME = "$(TARGET_NAME)";
				PROVISIONING_PROFILE = "";
				SKIP_INSTALL = YES;
			};
			name = Debug;
		};
		87D26D351C9F431D000DE9E9 /* Release */ = {
			isa = XCBuildConfiguration;
			buildSettings = {
				CODE_SIGN_ENTITLEMENTS = SummarizerExtension/SummarizerExtension.entitlements;
				CODE_SIGN_IDENTITY = "iPhone Developer";
				"CODE_SIGN_IDENTITY[sdk=iphoneos*]" = "iPhone Developer";
				FRAMEWORK_SEARCH_PATHS = (
					"$(inherited)",
					"$(PROJECT_DIR)/build/Debug-iphoneos",
				);
				INFOPLIST_FILE = SummarizerExtension/Info.plist;
				LD_RUNPATH_SEARCH_PATHS = "$(inherited) @executable_path/Frameworks @executable_path/../../Frameworks";
				PRODUCT_BUNDLE_IDENTIFIER = "com.sahajbhatt.Article-Summarizer.SummarizerExtension";
				PRODUCT_NAME = "$(TARGET_NAME)";
				PROVISIONING_PROFILE = "";
				SKIP_INSTALL = YES;
			};
			name = Release;
		};
/* End XCBuildConfiguration section */

/* Begin XCConfigurationList section */
		87A4AE1B1C9354CB000D5E4A /* Build configuration list for PBXProject "Article Summarizer" */ = {
			isa = XCConfigurationList;
			buildConfigurations = (
				87A4AE3B1C9354CB000D5E4A /* Debug */,
				87A4AE3C1C9354CB000D5E4A /* Release */,
			);
			defaultConfigurationIsVisible = 0;
			defaultConfigurationName = Release;
		};
		87A4AE3D1C9354CB000D5E4A /* Build configuration list for PBXNativeTarget "Article Summarizer" */ = {
			isa = XCConfigurationList;
			buildConfigurations = (
				87A4AE3E1C9354CB000D5E4A /* Debug */,
				87A4AE3F1C9354CB000D5E4A /* Release */,
			);
			defaultConfigurationIsVisible = 0;
			defaultConfigurationName = Release;
		};
		87A4AE401C9354CB000D5E4A /* Build configuration list for PBXNativeTarget "Article SummarizerTests" */ = {
			isa = XCConfigurationList;
			buildConfigurations = (
				87A4AE411C9354CB000D5E4A /* Debug */,
				87A4AE421C9354CB000D5E4A /* Release */,
			);
			defaultConfigurationIsVisible = 0;
			defaultConfigurationName = Release;
		};
		87D26D331C9F431D000DE9E9 /* Build configuration list for PBXNativeTarget "SummarizerExtension" */ = {
			isa = XCConfigurationList;
			buildConfigurations = (
				87D26D341C9F431D000DE9E9 /* Debug */,
				87D26D351C9F431D000DE9E9 /* Release */,
			);
			defaultConfigurationIsVisible = 0;
		};
/* End XCConfigurationList section */
	};
	rootObject = 87A4AE181C9354CB000D5E4A /* Project object */;
}
